<?xml version="1.0" encoding="utf-8"?>
<Project ToolsVersion="4.0" xmlns="http://schemas.microsoft.com/developer/msbuild/2003">
  <ItemGroup>
    <Filter Include="Source Files">
      <UniqueIdentifier>{4FC737F1-C7A5-4376-A066-2A32D752A2FF}</UniqueIdentifier>
      <Extensions>cpp;c;cc;cxx;def;odl;idl;hpj;bat;asm;asmx</Extensions>
    </Filter>
    <Filter Include="Header Files">
      <UniqueIdentifier>{93995380-89BD-4b04-88EB-625FBE52EBFB}</UniqueIdentifier>
      <Extensions>h;hh;hpp;hxx;hm;inl;inc;xsd</Extensions>
    </Filter>
    <Filter Include="Resource Files">
      <UniqueIdentifier>{67DA6AB6-F800-4c08-8B7A-83BB121AAD01}</UniqueIdentifier>
      <Extensions>rc;ico;cur;bmp;dlg;rc2;rct;bin;rgs;gif;jpg;jpeg;jpe;resx;tiff;tif;png;wav;mfcribbon-ms</Extensions>
    </Filter>
    <Filter Include="Header Files\detail">
      <UniqueIdentifier>{cca3b464-e594-478f-ace8-1a9a2112aed1}</UniqueIdentifier>
    </Filter>
    <Filter Include="Header Files\android">
      <UniqueIdentifier>{3ff2f69b-b8ea-43fc-9074-1ddf2f0f4df4}</UniqueIdentifier>
    </Filter>
    <Filter Include="Source Files\system">
      <UniqueIdentifier>{b7b7aff8-28b3-46f5-8f2d-a75a1f89faa4}</UniqueIdentifier>
    </Filter>
    <Filter Include="Source Files\detail">
      <UniqueIdentifier>{9d490ed0-91c3-4e19-bd46-86c69799ed9e}</UniqueIdentifier>
    </Filter>
    <Filter Include="Header Files\ecs">
      <UniqueIdentifier>{b9ef2428-efc0-47a7-b5bf-9a714b1e22ac}</UniqueIdentifier>
    </Filter>
    <Filter Include="Source Files\ecs">
      <UniqueIdentifier>{55cab883-a1a5-4329-a46d-3595ecf4242a}</UniqueIdentifier>
    </Filter>
    <Filter Include="Header Files\ecs\components">
      <UniqueIdentifier>{58254e31-cfc1-4d6f-919e-0eb64c473565}</UniqueIdentifier>
    </Filter>
    <Filter Include="Source Files\ecs\components">
      <UniqueIdentifier>{e35d44f0-344c-4368-9877-00125b33e822}</UniqueIdentifier>
    </Filter>
    <Filter Include="Header Files\ecs\systems">
      <UniqueIdentifier>{e85527b0-b713-4c1a-9982-184ff577c7b3}</UniqueIdentifier>
    </Filter>
    <Filter Include="Source Files\ecs\systems">
      <UniqueIdentifier>{787f9ec5-3858-4a70-b3e0-33901acdecfd}</UniqueIdentifier>
    </Filter>
    <Filter Include="Header Files\graphics">
      <UniqueIdentifier>{7d3c92ca-58f2-480c-a836-1945db34012d}</UniqueIdentifier>
    </Filter>
    <Filter Include="Header Files\core">
      <UniqueIdentifier>{a1f1b07a-b73a-4f4e-b95a-1b09c63066bc}</UniqueIdentifier>
    </Filter>
    <Filter Include="Source Files\core">
      <UniqueIdentifier>{ad54ac99-31ff-4ec9-b60d-eca4f76883bf}</UniqueIdentifier>
    </Filter>
    <Filter Include="Source Files\graphics">
      <UniqueIdentifier>{01e4f279-1f15-4506-a168-e6d673d636e6}</UniqueIdentifier>
    </Filter>
    <Filter Include="Header Files\graphics\shaders">
      <UniqueIdentifier>{55950aca-b7eb-4f53-8e66-731dc18179a0}</UniqueIdentifier>
    </Filter>
    <Filter Include="Source Files\imgui">
      <UniqueIdentifier>{2a6a4cd8-cec1-432f-a505-12fa39231dc6}</UniqueIdentifier>
    </Filter>
    <Filter Include="Header Files\imgui">
      <UniqueIdentifier>{6866406d-a139-4549-b3d0-999a295ecf2d}</UniqueIdentifier>
    </Filter>
    <Filter Include="Source Files\android">
      <UniqueIdentifier>{7001eb83-a98a-4678-ae0a-001b40357845}</UniqueIdentifier>
    </Filter>
    <Filter Include="Header Files\util">
      <UniqueIdentifier>{c6fea9cf-8260-46a5-a625-8bae00d3684e}</UniqueIdentifier>
    </Filter>
  </ItemGroup>
  <ItemGroup>
    <ClInclude Include="..\common\include\crogine\Config.hpp">
      <Filter>Header Files</Filter>
    </ClInclude>
    <ClInclude Include="..\common\include\crogine\android\Android.hpp">
      <Filter>Header Files\android</Filter>
    </ClInclude>
    <ClInclude Include="..\common\include\crogine\detail\Assert.hpp">
      <Filter>Header Files\detail</Filter>
    </ClInclude>
    <ClInclude Include="..\common\include\crogine\detail\SDLResource.hpp">
      <Filter>Header Files\detail</Filter>
    </ClInclude>
    <ClInclude Include="..\common\include\crogine\detail\Types.hpp">
      <Filter>Header Files\detail</Filter>
    </ClInclude>
    <ClInclude Include="..\common\src\glad\GLCheck.hpp">
      <Filter>Header Files\detail</Filter>
    </ClInclude>
    <ClInclude Include="..\common\include\crogine\ecs\ComponentPool.hpp">
      <Filter>Header Files\ecs</Filter>
    </ClInclude>
    <ClInclude Include="..\common\include\crogine\ecs\Entity.hpp">
      <Filter>Header Files\ecs</Filter>
    </ClInclude>
    <ClInclude Include="..\common\include\crogine\ecs\Component.hpp">
      <Filter>Header Files\ecs</Filter>
    </ClInclude>
    <ClInclude Include="..\common\include\crogine\ecs\System.hpp">
      <Filter>Header Files\ecs</Filter>
    </ClInclude>
    <ClInclude Include="..\common\include\crogine\ecs\Scene.hpp">
      <Filter>Header Files\ecs</Filter>
    </ClInclude>
    <ClInclude Include="..\common\include\crogine\ecs\components\Transform.hpp">
      <Filter>Header Files\ecs\components</Filter>
    </ClInclude>
    <ClInclude Include="..\common\include\crogine\graphics\Image.hpp">
      <Filter>Header Files\graphics</Filter>
    </ClInclude>
    <ClInclude Include="..\common\include\crogine\graphics\Texture.hpp">
      <Filter>Header Files\graphics</Filter>
    </ClInclude>
    <ClInclude Include="..\common\include\crogine\graphics\Shader.hpp">
      <Filter>Header Files\graphics</Filter>
    </ClInclude>
    <ClInclude Include="..\common\include\crogine\graphics\Colour.hpp">
      <Filter>Header Files\graphics</Filter>
    </ClInclude>
    <ClInclude Include="..\common\include\crogine\core\App.hpp">
      <Filter>Header Files\core</Filter>
    </ClInclude>
    <ClInclude Include="..\common\include\crogine\core\Clock.hpp">
      <Filter>Header Files\core</Filter>
    </ClInclude>
    <ClInclude Include="..\common\include\crogine\core\Log.hpp">
      <Filter>Header Files\core</Filter>
    </ClInclude>
    <ClInclude Include="..\common\include\crogine\core\State.hpp">
      <Filter>Header Files\core</Filter>
    </ClInclude>
    <ClInclude Include="..\common\include\crogine\core\StateStack.hpp">
      <Filter>Header Files\core</Filter>
    </ClInclude>
    <ClInclude Include="..\common\include\crogine\core\Window.hpp">
      <Filter>Header Files\core</Filter>
    </ClInclude>
    <ClInclude Include="..\common\include\crogine\graphics\Rectangle.hpp">
      <Filter>Header Files\graphics</Filter>
    </ClInclude>
    <ClInclude Include="..\common\include\crogine\ecs\components\Model.hpp">
      <Filter>Header Files\ecs\components</Filter>
    </ClInclude>
    <ClInclude Include="..\common\include\crogine\graphics\MeshResource.hpp">
      <Filter>Header Files\graphics</Filter>
    </ClInclude>
    <ClInclude Include="..\common\include\crogine\graphics\ShaderResource.hpp">
      <Filter>Header Files\graphics</Filter>
    </ClInclude>
    <ClInclude Include="..\common\include\crogine\graphics\MeshData.hpp">
      <Filter>Header Files\graphics</Filter>
    </ClInclude>
    <ClInclude Include="..\common\include\crogine\graphics\MaterialResource.hpp">
      <Filter>Header Files\graphics</Filter>
    </ClInclude>
    <ClInclude Include="..\common\src\graphics\shaders\Default.hpp">
      <Filter>Header Files\graphics\shaders</Filter>
    </ClInclude>
    <ClInclude Include="..\common\include\crogine\graphics\MaterialData.hpp">
      <Filter>Header Files\graphics</Filter>
    </ClInclude>
    <ClInclude Include="..\common\include\crogine\graphics\TextureResource.hpp">
      <Filter>Header Files\graphics</Filter>
    </ClInclude>
    <ClInclude Include="..\common\include\crogine\graphics\MeshBuilder.hpp">
      <Filter>Header Files\graphics</Filter>
    </ClInclude>
    <ClInclude Include="..\common\include\crogine\graphics\QuadBuilder.hpp">
      <Filter>Header Files\graphics</Filter>
    </ClInclude>
    <ClInclude Include="..\common\include\crogine\graphics\CubeBuilder.hpp">
      <Filter>Header Files\graphics</Filter>
    </ClInclude>
    <ClInclude Include="..\common\include\crogine\graphics\SphereBuilder.hpp">
      <Filter>Header Files\graphics</Filter>
    </ClInclude>
    <ClInclude Include="..\common\src\imgui\imconfig.h">
      <Filter>Header Files\imgui</Filter>
    </ClInclude>
    <ClInclude Include="..\common\src\imgui\imgui.h">
      <Filter>Header Files\imgui</Filter>
    </ClInclude>
    <ClInclude Include="..\common\src\imgui\imgui_internal.h">
      <Filter>Header Files\imgui</Filter>
    </ClInclude>
    <ClInclude Include="..\common\src\imgui\imgui_render.h">
      <Filter>Header Files\imgui</Filter>
    </ClInclude>
    <ClInclude Include="..\common\include\crogine\ecs\components\Camera.hpp">
      <Filter>Header Files\ecs\components</Filter>
    </ClInclude>
    <ClInclude Include="..\common\include\crogine\graphics\Spatial.hpp">
      <Filter>Header Files\graphics</Filter>
    </ClInclude>
    <ClInclude Include="..\common\include\crogine\graphics\StaticMeshBuilder.hpp">
      <Filter>Header Files\graphics</Filter>
    </ClInclude>
    <ClInclude Include="..\common\include\crogine\ecs\systems\MeshSorter.hpp">
      <Filter>Header Files\ecs\systems</Filter>
    </ClInclude>
    <ClInclude Include="..\common\include\crogine\ecs\systems\SceneRenderer.hpp">
      <Filter>Header Files\ecs\systems</Filter>
    </ClInclude>
    <ClInclude Include="..\common\include\crogine\ecs\components\Sprite.hpp">
      <Filter>Header Files\ecs\components</Filter>
    </ClInclude>
    <ClInclude Include="..\common\include\crogine\ecs\systems\SpriteRenderer.hpp">
      <Filter>Header Files\ecs\systems</Filter>
    </ClInclude>
    <ClInclude Include="..\common\src\graphics\shaders\Sprite.hpp">
      <Filter>Header Files\graphics\shaders</Filter>
    </ClInclude>
    <ClInclude Include="..\common\include\crogine\util\Maths.hpp">
      <Filter>Header Files\util</Filter>
    </ClInclude>
    <ClInclude Include="..\common\include\crogine\core\Message.hpp">
      <Filter>Header Files\core</Filter>
    </ClInclude>
    <ClInclude Include="..\common\include\crogine\core\MessageBus.hpp">
      <Filter>Header Files\core</Filter>
    </ClInclude>
  </ItemGroup>
  <ItemGroup>
    <ClCompile Include="..\common\src\system\Clock.cpp">
      <Filter>Source Files\system</Filter>
    </ClCompile>
    <ClCompile Include="..\common\src\ecs\Entity.cpp">
      <Filter>Source Files\ecs</Filter>
    </ClCompile>
    <ClCompile Include="..\common\src\ecs\EntityManager.cpp">
      <Filter>Source Files\ecs</Filter>
    </ClCompile>
    <ClCompile Include="..\common\src\ecs\System.cpp">
      <Filter>Source Files\ecs</Filter>
    </ClCompile>
    <ClCompile Include="..\common\src\ecs\SystemManager.cpp">
      <Filter>Source Files\ecs</Filter>
    </ClCompile>
    <ClCompile Include="..\common\src\ecs\Scene.cpp">
      <Filter>Source Files\ecs</Filter>
    </ClCompile>
    <ClCompile Include="..\common\src\ecs\Component.cpp">
      <Filter>Source Files\ecs</Filter>
    </ClCompile>
    <ClCompile Include="..\common\src\ecs\components\Transform.cpp">
      <Filter>Source Files\ecs\components</Filter>
    </ClCompile>
    <ClCompile Include="..\common\src\graphics\Image.cpp">
      <Filter>Source Files\graphics</Filter>
    </ClCompile>
    <ClCompile Include="..\common\src\graphics\Texture.cpp">
      <Filter>Source Files\graphics</Filter>
    </ClCompile>
    <ClCompile Include="..\common\src\graphics\Shader.cpp">
      <Filter>Source Files\graphics</Filter>
    </ClCompile>
    <ClCompile Include="..\common\src\graphics\MeshResource.cpp">
      <Filter>Source Files\graphics</Filter>
    </ClCompile>
    <ClCompile Include="..\common\src\ecs\components\Model.cpp">
      <Filter>Source Files\ecs\components</Filter>
    </ClCompile>
    <ClCompile Include="..\common\src\graphics\ShaderResource.cpp">
      <Filter>Source Files\graphics</Filter>
    </ClCompile>
    <ClCompile Include="..\common\src\graphics\MaterialResource.cpp">
      <Filter>Source Files\graphics</Filter>
    </ClCompile>
    <ClCompile Include="..\common\src\graphics\MaterialData.cpp">
      <Filter>Source Files\graphics</Filter>
    </ClCompile>
    <ClCompile Include="..\common\src\graphics\TextureResource.cpp">
      <Filter>Source Files\graphics</Filter>
    </ClCompile>
    <ClCompile Include="..\common\src\graphics\MeshBuilder.cpp">
      <Filter>Source Files\graphics</Filter>
    </ClCompile>
    <ClCompile Include="..\common\src\graphics\PrimitiveBuilders.cpp">
      <Filter>Source Files\graphics</Filter>
    </ClCompile>
    <ClCompile Include="..\common\src\imgui\imgui.cpp">
      <Filter>Source Files\imgui</Filter>
    </ClCompile>
    <ClCompile Include="..\common\src\imgui\imgui_demo.cpp">
      <Filter>Source Files\imgui</Filter>
    </ClCompile>
    <ClCompile Include="..\common\src\imgui\imgui_draw.cpp">
      <Filter>Source Files\imgui</Filter>
    </ClCompile>
    <ClCompile Include="..\common\src\imgui\imgui_render.cpp">
      <Filter>Source Files\imgui</Filter>
    </ClCompile>
    <ClCompile Include="..\common\src\graphics\Spatial.cpp">
      <Filter>Source Files\graphics</Filter>
    </ClCompile>
    <ClCompile Include="..\common\src\graphics\StaticMeshBuilder.cpp">
      <Filter>Source Files\graphics</Filter>
    </ClCompile>
    <ClCompile Include="..\common\src\android\Android.cpp">
      <Filter>Source Files\android</Filter>
    </ClCompile>
    <ClCompile Include="..\common\src\ecs\systems\MeshSorter.cpp">
      <Filter>Source Files\ecs\systems</Filter>
    </ClCompile>
    <ClCompile Include="..\common\src\ecs\systems\SceneRenderer.cpp">
      <Filter>Source Files\ecs\systems</Filter>
    </ClCompile>
    <ClCompile Include="..\common\src\ecs\components\Sprite.cpp">
      <Filter>Source Files\ecs\components</Filter>
    </ClCompile>
    <ClCompile Include="..\common\src\ecs\systems\SpriteRenderer.cpp">
      <Filter>Source Files\ecs\systems</Filter>
    </ClCompile>
    <ClCompile Include="..\common\src\core\App.cpp">
      <Filter>Source Files\core</Filter>
    </ClCompile>
    <ClCompile Include="..\common\src\core\State.cpp">
      <Filter>Source Files\core</Filter>
    </ClCompile>
    <ClCompile Include="..\common\src\core\StateStack.cpp">
      <Filter>Source Files\core</Filter>
    </ClCompile>
    <ClCompile Include="..\common\src\core\Window.cpp">
      <Filter>Source Files\core</Filter>
    </ClCompile>
    <ClCompile Include="..\common\src\graphics\Colour.cpp">
      <Filter>Source Files\graphics</Filter>
    </ClCompile>
    <ClCompile Include="..\common\src\detail\glad.c">
      <Filter>Source Files\detail</Filter>
    </ClCompile>
    <ClCompile Include="..\common\src\detail\SDLResource.cpp">
      <Filter>Source Files\detail</Filter>
    </ClCompile>
  </ItemGroup>
  <ItemGroup>
    <None Include="..\common\include\crogine\ecs\Entity.inl">
      <Filter>Header Files\ecs</Filter>
    </None>
    <None Include="..\common\include\crogine\ecs\EntityManager.inl">
      <Filter>Header Files\ecs</Filter>
    </None>
    <None Include="..\common\include\crogine\ecs\System.inl">
      <Filter>Header Files\ecs</Filter>
    </None>
    <None Include="..\common\include\crogine\ecs\SystemManager.inl">
      <Filter>Header Files\ecs</Filter>
    </None>
    <None Include="..\common\include\crogine\graphics\Rectangle.inl">
      <Filter>Header Files\graphics</Filter>
    </None>
  </ItemGroup>
</Project>