
Microsoft Visual Studio Solution File, Format Version 12.00
# Visual Studio 15
VisualStudioVersion = 15.0.26228.4
MinimumVisualStudioVersion = 10.0.40219.1
Project("{8BC9CEB8-8B4A-11D0-8D11-00A0C91BC942}") = "crodroid", "crodroid\crodroid.vcxproj", "{0F1D9BE5-376C-4A6B-86C7-A0DA20FB30D4}"
EndProject
Project("{8BC9CEB8-8B4A-11D0-8D11-00A0C91BC942}") = "crowin", "crowin\crowin.vcxproj", "{72B8CEB9-E80A-4707-BF7C-80ED4028D0F3}"
EndProject
Project("{8BC9CEB8-8B4A-11D0-8D11-00A0C91BC942}") = "testwin", "testwin\testwin.vcxproj", "{BE8D5B67-F8B4-46FC-A739-50D44550A090}"
	ProjectSection(ProjectDependencies) = postProject
		{72B8CEB9-E80A-4707-BF7C-80ED4028D0F3} = {72B8CEB9-E80A-4707-BF7C-80ED4028D0F3}
	EndProjectSection
EndProject
Project("{2150E333-8FDC-42A3-9474-1A3956D46DE8}") = "testdroid", "testdroid", "{5834DC79-1D3B-489C-A898-6EB363D837FD}"
EndProject
Project("{39E2626F-3545-4960-A6E8-258AD8476CE5}") = "testdroid.Packaging", "testdroid\testdroid.Packaging\testdroid.Packaging.androidproj", "{C264A196-EF24-4917-9908-E08EA4F8CFA9}"
EndProject
Project("{8BC9CEB8-8B4A-11D0-8D11-00A0C91BC942}") = "testdroid.NativeActivity", "testdroid\testdroid.NativeActivity\testdroid.NativeActivity.vcxproj", "{C81D3850-C613-4F05-B2E6-CF5C8A5273DC}"
	ProjectSection(ProjectDependencies) = postProject
		{0F1D9BE5-376C-4A6B-86C7-A0DA20FB30D4} = {0F1D9BE5-376C-4A6B-86C7-A0DA20FB30D4}
	EndProjectSection
EndProject
Project("{39E2626F-3545-4960-A6E8-258AD8476CE5}") = "AndroidBasic", "android\AndroidBasic\AndroidBasic.androidproj", "{4CE8E6D4-6DAD-4679-8909-772465FA361F}"
EndProject
Project("{8BC9CEB8-8B4A-11D0-8D11-00A0C91BC942}") = "AndroidMake", "android\AndroidMake\AndroidMake.vcxproj", "{222A5F9C-A3BE-4637-BF0C-E3C8CD340BBB}"
EndProject
Global
	GlobalSection(SolutionConfigurationPlatforms) = preSolution
		Debug|ARM = Debug|ARM
		Debug|ARM64 = Debug|ARM64
		Debug|x64 = Debug|x64
		Debug|x86 = Debug|x86
		Release|ARM = Release|ARM
		Release|ARM64 = Release|ARM64
		Release|x64 = Release|x64
		Release|x86 = Release|x86
	EndGlobalSection
	GlobalSection(ProjectConfigurationPlatforms) = postSolution
		{0F1D9BE5-376C-4A6B-86C7-A0DA20FB30D4}.Debug|ARM.ActiveCfg = Debug|ARM
		{0F1D9BE5-376C-4A6B-86C7-A0DA20FB30D4}.Debug|ARM.Build.0 = Debug|ARM
		{0F1D9BE5-376C-4A6B-86C7-A0DA20FB30D4}.Debug|ARM64.ActiveCfg = Debug|ARM64
		{0F1D9BE5-376C-4A6B-86C7-A0DA20FB30D4}.Debug|ARM64.Build.0 = Debug|ARM64
		{0F1D9BE5-376C-4A6B-86C7-A0DA20FB30D4}.Debug|x64.ActiveCfg = Debug|x64
		{0F1D9BE5-376C-4A6B-86C7-A0DA20FB30D4}.Debug|x86.ActiveCfg = Debug|x86
		{0F1D9BE5-376C-4A6B-86C7-A0DA20FB30D4}.Release|ARM.ActiveCfg = Release|ARM
		{0F1D9BE5-376C-4A6B-86C7-A0DA20FB30D4}.Release|ARM.Build.0 = Release|ARM
		{0F1D9BE5-376C-4A6B-86C7-A0DA20FB30D4}.Release|ARM64.ActiveCfg = Release|ARM64
		{0F1D9BE5-376C-4A6B-86C7-A0DA20FB30D4}.Release|ARM64.Build.0 = Release|ARM64
		{0F1D9BE5-376C-4A6B-86C7-A0DA20FB30D4}.Release|x64.ActiveCfg = Release|x64
		{0F1D9BE5-376C-4A6B-86C7-A0DA20FB30D4}.Release|x86.ActiveCfg = Release|x86
		{72B8CEB9-E80A-4707-BF7C-80ED4028D0F3}.Debug|ARM.ActiveCfg = Debug|Win32
		{72B8CEB9-E80A-4707-BF7C-80ED4028D0F3}.Debug|ARM64.ActiveCfg = Debug|Win32
		{72B8CEB9-E80A-4707-BF7C-80ED4028D0F3}.Debug|x64.ActiveCfg = Debug|x64
		{72B8CEB9-E80A-4707-BF7C-80ED4028D0F3}.Debug|x64.Build.0 = Debug|x64
		{72B8CEB9-E80A-4707-BF7C-80ED4028D0F3}.Debug|x86.ActiveCfg = Debug|Win32
		{72B8CEB9-E80A-4707-BF7C-80ED4028D0F3}.Debug|x86.Build.0 = Debug|Win32
		{72B8CEB9-E80A-4707-BF7C-80ED4028D0F3}.Release|ARM.ActiveCfg = Release|Win32
		{72B8CEB9-E80A-4707-BF7C-80ED4028D0F3}.Release|ARM64.ActiveCfg = Release|Win32
		{72B8CEB9-E80A-4707-BF7C-80ED4028D0F3}.Release|x64.ActiveCfg = Release|x64
		{72B8CEB9-E80A-4707-BF7C-80ED4028D0F3}.Release|x64.Build.0 = Release|x64
		{72B8CEB9-E80A-4707-BF7C-80ED4028D0F3}.Release|x86.ActiveCfg = Release|Win32
		{72B8CEB9-E80A-4707-BF7C-80ED4028D0F3}.Release|x86.Build.0 = Release|Win32
		{BE8D5B67-F8B4-46FC-A739-50D44550A090}.Debug|ARM.ActiveCfg = Debug|Win32
		{BE8D5B67-F8B4-46FC-A739-50D44550A090}.Debug|ARM64.ActiveCfg = Debug|Win32
		{BE8D5B67-F8B4-46FC-A739-50D44550A090}.Debug|x64.ActiveCfg = Debug|x64
		{BE8D5B67-F8B4-46FC-A739-50D44550A090}.Debug|x64.Build.0 = Debug|x64
		{BE8D5B67-F8B4-46FC-A739-50D44550A090}.Debug|x86.ActiveCfg = Debug|Win32
		{BE8D5B67-F8B4-46FC-A739-50D44550A090}.Debug|x86.Build.0 = Debug|Win32
		{BE8D5B67-F8B4-46FC-A739-50D44550A090}.Release|ARM.ActiveCfg = Release|Win32
		{BE8D5B67-F8B4-46FC-A739-50D44550A090}.Release|ARM64.ActiveCfg = Release|Win32
		{BE8D5B67-F8B4-46FC-A739-50D44550A090}.Release|x64.ActiveCfg = Release|x64
		{BE8D5B67-F8B4-46FC-A739-50D44550A090}.Release|x64.Build.0 = Release|x64
		{BE8D5B67-F8B4-46FC-A739-50D44550A090}.Release|x86.ActiveCfg = Release|Win32
		{BE8D5B67-F8B4-46FC-A739-50D44550A090}.Release|x86.Build.0 = Release|Win32
		{C264A196-EF24-4917-9908-E08EA4F8CFA9}.Debug|ARM.ActiveCfg = Debug|ARM
		{C264A196-EF24-4917-9908-E08EA4F8CFA9}.Debug|ARM.Build.0 = Debug|ARM
		{C264A196-EF24-4917-9908-E08EA4F8CFA9}.Debug|ARM.Deploy.0 = Debug|ARM
		{C264A196-EF24-4917-9908-E08EA4F8CFA9}.Debug|ARM64.ActiveCfg = Debug|ARM64
		{C264A196-EF24-4917-9908-E08EA4F8CFA9}.Debug|ARM64.Build.0 = Debug|ARM64
		{C264A196-EF24-4917-9908-E08EA4F8CFA9}.Debug|ARM64.Deploy.0 = Debug|ARM64
		{C264A196-EF24-4917-9908-E08EA4F8CFA9}.Debug|x64.ActiveCfg = Debug|x64
		{C264A196-EF24-4917-9908-E08EA4F8CFA9}.Debug|x86.ActiveCfg = Debug|x86
		{C264A196-EF24-4917-9908-E08EA4F8CFA9}.Release|ARM.ActiveCfg = Release|ARM
		{C264A196-EF24-4917-9908-E08EA4F8CFA9}.Release|ARM.Build.0 = Release|ARM
		{C264A196-EF24-4917-9908-E08EA4F8CFA9}.Release|ARM.Deploy.0 = Release|ARM
		{C264A196-EF24-4917-9908-E08EA4F8CFA9}.Release|ARM64.ActiveCfg = Release|ARM64
		{C264A196-EF24-4917-9908-E08EA4F8CFA9}.Release|ARM64.Build.0 = Release|ARM64
		{C264A196-EF24-4917-9908-E08EA4F8CFA9}.Release|ARM64.Deploy.0 = Release|ARM64
		{C264A196-EF24-4917-9908-E08EA4F8CFA9}.Release|x64.ActiveCfg = Release|x64
		{C264A196-EF24-4917-9908-E08EA4F8CFA9}.Release|x86.ActiveCfg = Release|x86
		{C81D3850-C613-4F05-B2E6-CF5C8A5273DC}.Debug|ARM.ActiveCfg = Debug|ARM
		{C81D3850-C613-4F05-B2E6-CF5C8A5273DC}.Debug|ARM.Build.0 = Debug|ARM
		{C81D3850-C613-4F05-B2E6-CF5C8A5273DC}.Debug|ARM64.ActiveCfg = Debug|ARM64
		{C81D3850-C613-4F05-B2E6-CF5C8A5273DC}.Debug|ARM64.Build.0 = Debug|ARM64
		{C81D3850-C613-4F05-B2E6-CF5C8A5273DC}.Debug|x64.ActiveCfg = Debug|x64
		{C81D3850-C613-4F05-B2E6-CF5C8A5273DC}.Debug|x86.ActiveCfg = Debug|x86
		{C81D3850-C613-4F05-B2E6-CF5C8A5273DC}.Release|ARM.ActiveCfg = Release|ARM
		{C81D3850-C613-4F05-B2E6-CF5C8A5273DC}.Release|ARM.Build.0 = Release|ARM
		{C81D3850-C613-4F05-B2E6-CF5C8A5273DC}.Release|ARM64.ActiveCfg = Release|ARM64
		{C81D3850-C613-4F05-B2E6-CF5C8A5273DC}.Release|ARM64.Build.0 = Release|ARM64
		{C81D3850-C613-4F05-B2E6-CF5C8A5273DC}.Release|x64.ActiveCfg = Release|x64
		{C81D3850-C613-4F05-B2E6-CF5C8A5273DC}.Release|x86.ActiveCfg = Release|x86
		{4CE8E6D4-6DAD-4679-8909-772465FA361F}.Debug|ARM.ActiveCfg = Debug|ARM
		{4CE8E6D4-6DAD-4679-8909-772465FA361F}.Debug|ARM.Build.0 = Debug|ARM
		{4CE8E6D4-6DAD-4679-8909-772465FA361F}.Debug|ARM.Deploy.0 = Debug|ARM
		{4CE8E6D4-6DAD-4679-8909-772465FA361F}.Debug|ARM64.ActiveCfg = Debug|ARM64
		{4CE8E6D4-6DAD-4679-8909-772465FA361F}.Debug|ARM64.Build.0 = Debug|ARM64
		{4CE8E6D4-6DAD-4679-8909-772465FA361F}.Debug|ARM64.Deploy.0 = Debug|ARM64
		{4CE8E6D4-6DAD-4679-8909-772465FA361F}.Debug|x64.ActiveCfg = Debug|x64
		{4CE8E6D4-6DAD-4679-8909-772465FA361F}.Debug|x64.Build.0 = Debug|x64
		{4CE8E6D4-6DAD-4679-8909-772465FA361F}.Debug|x64.Deploy.0 = Debug|x64
		{4CE8E6D4-6DAD-4679-8909-772465FA361F}.Debug|x86.ActiveCfg = Debug|x86
		{4CE8E6D4-6DAD-4679-8909-772465FA361F}.Debug|x86.Build.0 = Debug|x86
		{4CE8E6D4-6DAD-4679-8909-772465FA361F}.Debug|x86.Deploy.0 = Debug|x86
		{4CE8E6D4-6DAD-4679-8909-772465FA361F}.Release|ARM.ActiveCfg = Release|ARM
		{4CE8E6D4-6DAD-4679-8909-772465FA361F}.Release|ARM.Build.0 = Release|ARM
		{4CE8E6D4-6DAD-4679-8909-772465FA361F}.Release|ARM.Deploy.0 = Release|ARM
		{4CE8E6D4-6DAD-4679-8909-772465FA361F}.Release|ARM64.ActiveCfg = Release|ARM64
		{4CE8E6D4-6DAD-4679-8909-772465FA361F}.Release|ARM64.Build.0 = Release|ARM64
		{4CE8E6D4-6DAD-4679-8909-772465FA361F}.Release|ARM64.Deploy.0 = Release|ARM64
		{4CE8E6D4-6DAD-4679-8909-772465FA361F}.Release|x64.ActiveCfg = Release|x64
		{4CE8E6D4-6DAD-4679-8909-772465FA361F}.Release|x64.Build.0 = Release|x64
		{4CE8E6D4-6DAD-4679-8909-772465FA361F}.Release|x64.Deploy.0 = Release|x64
		{4CE8E6D4-6DAD-4679-8909-772465FA361F}.Release|x86.ActiveCfg = Release|x86
		{4CE8E6D4-6DAD-4679-8909-772465FA361F}.Release|x86.Build.0 = Release|x86
		{4CE8E6D4-6DAD-4679-8909-772465FA361F}.Release|x86.Deploy.0 = Release|x86
		{222A5F9C-A3BE-4637-BF0C-E3C8CD340BBB}.Debug|ARM.ActiveCfg = Debug|ARM
		{222A5F9C-A3BE-4637-BF0C-E3C8CD340BBB}.Debug|ARM.Build.0 = Debug|ARM
		{222A5F9C-A3BE-4637-BF0C-E3C8CD340BBB}.Debug|ARM64.ActiveCfg = Debug|ARM64
		{222A5F9C-A3BE-4637-BF0C-E3C8CD340BBB}.Debug|ARM64.Build.0 = Debug|ARM64
		{222A5F9C-A3BE-4637-BF0C-E3C8CD340BBB}.Debug|x64.ActiveCfg = Debug|x64
		{222A5F9C-A3BE-4637-BF0C-E3C8CD340BBB}.Debug|x64.Build.0 = Debug|x64
		{222A5F9C-A3BE-4637-BF0C-E3C8CD340BBB}.Debug|x86.ActiveCfg = Debug|x86
		{222A5F9C-A3BE-4637-BF0C-E3C8CD340BBB}.Debug|x86.Build.0 = Debug|x86
		{222A5F9C-A3BE-4637-BF0C-E3C8CD340BBB}.Release|ARM.ActiveCfg = Release|ARM
		{222A5F9C-A3BE-4637-BF0C-E3C8CD340BBB}.Release|ARM.Build.0 = Release|ARM
		{222A5F9C-A3BE-4637-BF0C-E3C8CD340BBB}.Release|ARM64.ActiveCfg = Release|ARM64
		{222A5F9C-A3BE-4637-BF0C-E3C8CD340BBB}.Release|ARM64.Build.0 = Release|ARM64
		{222A5F9C-A3BE-4637-BF0C-E3C8CD340BBB}.Release|x64.ActiveCfg = Release|x64
		{222A5F9C-A3BE-4637-BF0C-E3C8CD340BBB}.Release|x64.Build.0 = Release|x64
		{222A5F9C-A3BE-4637-BF0C-E3C8CD340BBB}.Release|x86.ActiveCfg = Release|x86
		{222A5F9C-A3BE-4637-BF0C-E3C8CD340BBB}.Release|x86.Build.0 = Release|x86
	EndGlobalSection
	GlobalSection(SolutionProperties) = preSolution
		HideSolutionNode = FALSE
	EndGlobalSection
	GlobalSection(NestedProjects) = preSolution
		{C264A196-EF24-4917-9908-E08EA4F8CFA9} = {5834DC79-1D3B-489C-A898-6EB363D837FD}
		{C81D3850-C613-4F05-B2E6-CF5C8A5273DC} = {5834DC79-1D3B-489C-A898-6EB363D837FD}
	EndGlobalSection
EndGlobal
