
Microsoft Visual Studio Solution File, Format Version 12.00
# Visual Studio Version 17
VisualStudioVersion = 17.0.31912.275
MinimumVisualStudioVersion = 10.0.40219.1
Project("{2150E333-8FDC-42A3-9474-1A3956D46DE8}") = "projects", "projects", "{7DC9ED01-C6D2-43AD-BD85-19EA1F6448D9}"
EndProject
Project("{8BC9CEB8-8B4A-11D0-8D11-00A0C91BC942}") = "ThreatLevel", "samples\threat_level\testwin.vcxproj", "{BE8D5B67-F8B4-46FC-A739-50D44550A090}"
	ProjectSection(ProjectDependencies) = postProject
		{72B8CEB9-E80A-4707-BF7C-80ED4028D0F3} = {72B8CEB9-E80A-4707-BF7C-80ED4028D0F3}
	EndProjectSection
EndProject
Project("{8BC9CEB8-8B4A-11D0-8D11-00A0C91BC942}") = "crogine", "windows\crowin.vcxproj", "{72B8CEB9-E80A-4707-BF7C-80ED4028D0F3}"
EndProject
Project("{8BC9CEB8-8B4A-11D0-8D11-00A0C91BC942}") = "template", "samples\project_template\template.vcxproj", "{2E50E2A2-51C8-402B-A067-0616C1228773}"
	ProjectSection(ProjectDependencies) = postProject
		{72B8CEB9-E80A-4707-BF7C-80ED4028D0F3} = {72B8CEB9-E80A-4707-BF7C-80ED4028D0F3}
	EndProjectSection
EndProject
Project("{8BC9CEB8-8B4A-11D0-8D11-00A0C91BC942}") = "mp_template", "samples\multiplayer_game\mp_game.vcxproj", "{89940A69-D531-4842-885C-306EB0EBD790}"
	ProjectSection(ProjectDependencies) = postProject
		{72B8CEB9-E80A-4707-BF7C-80ED4028D0F3} = {72B8CEB9-E80A-4707-BF7C-80ED4028D0F3}
	EndProjectSection
EndProject
Project("{8BC9CEB8-8B4A-11D0-8D11-00A0C91BC942}") = "blocks", "samples\blocks\blocks.vcxproj", "{899CD85D-F441-4FE3-A772-68908CB5199E}"
	ProjectSection(ProjectDependencies) = postProject
		{72B8CEB9-E80A-4707-BF7C-80ED4028D0F3} = {72B8CEB9-E80A-4707-BF7C-80ED4028D0F3}
	EndProjectSection
EndProject
Project("{8BC9CEB8-8B4A-11D0-8D11-00A0C91BC942}") = "editor", "editor\editor.vcxproj", "{E0EFE715-086C-4FC0-90A5-54BE5E86C7D2}"
	ProjectSection(ProjectDependencies) = postProject
		{72B8CEB9-E80A-4707-BF7C-80ED4028D0F3} = {72B8CEB9-E80A-4707-BF7C-80ED4028D0F3}
	EndProjectSection
EndProject
Project("{8BC9CEB8-8B4A-11D0-8D11-00A0C91BC942}") = "islands", "samples\islands\islands.vcxproj", "{61B0C5A2-9B77-4AB1-BB01-DB62ACAE3069}"
	ProjectSection(ProjectDependencies) = postProject
		{72B8CEB9-E80A-4707-BF7C-80ED4028D0F3} = {72B8CEB9-E80A-4707-BF7C-80ED4028D0F3}
	EndProjectSection
EndProject
Project("{8BC9CEB8-8B4A-11D0-8D11-00A0C91BC942}") = "crush", "samples\crush\crush.vcxproj", "{C8B3AC0F-B8C3-42F2-B624-966CF38AD5DB}"
	ProjectSection(ProjectDependencies) = postProject
		{72B8CEB9-E80A-4707-BF7C-80ED4028D0F3} = {72B8CEB9-E80A-4707-BF7C-80ED4028D0F3}
	EndProjectSection
EndProject
Project("{8BC9CEB8-8B4A-11D0-8D11-00A0C91BC942}") = "scratchpad", "samples\scratchpad\scratchpad.vcxproj", "{64579103-DEC3-41E4-971F-9C0DF996BE8B}"
	ProjectSection(ProjectDependencies) = postProject
		{72B8CEB9-E80A-4707-BF7C-80ED4028D0F3} = {72B8CEB9-E80A-4707-BF7C-80ED4028D0F3}
	EndProjectSection
EndProject
Project("{8BC9CEB8-8B4A-11D0-8D11-00A0C91BC942}") = "golf", "samples\golf\golf.vcxproj", "{B1559428-CDF8-4797-8766-0EA62BDD6D1B}"
	ProjectSection(ProjectDependencies) = postProject
		{155BC29B-5143-44CF-AC90-82B82B056E48} = {155BC29B-5143-44CF-AC90-82B82B056E48}
		{72B8CEB9-E80A-4707-BF7C-80ED4028D0F3} = {72B8CEB9-E80A-4707-BF7C-80ED4028D0F3}
	EndProjectSection
EndProject
Project("{8BC9CEB8-8B4A-11D0-8D11-00A0C91BC942}") = "libsocial", "libsocial\libsocial.vcxproj", "{155BC29B-5143-44CF-AC90-82B82B056E48}"
	ProjectSection(ProjectDependencies) = postProject
		{72B8CEB9-E80A-4707-BF7C-80ED4028D0F3} = {72B8CEB9-E80A-4707-BF7C-80ED4028D0F3}
	EndProjectSection
EndProject
Project("{8BC9CEB8-8B4A-11D0-8D11-00A0C91BC942}") = "plugin_template", "samples\plugin_template\plugin_template.vcxproj", "{CF0C4EFD-AC40-426F-9751-15B73E07008D}"
	ProjectSection(ProjectDependencies) = postProject
		{72B8CEB9-E80A-4707-BF7C-80ED4028D0F3} = {72B8CEB9-E80A-4707-BF7C-80ED4028D0F3}
	EndProjectSection
EndProject
Global
	GlobalSection(SolutionConfigurationPlatforms) = preSolution
		Debug|Any CPU = Debug|Any CPU
		Debug|ARM = Debug|ARM
		Debug|ARM64 = Debug|ARM64
		Debug|x64 = Debug|x64
		Debug|x86 = Debug|x86
		DebugASan|Any CPU = DebugASan|Any CPU
		DebugASan|ARM = DebugASan|ARM
		DebugASan|ARM64 = DebugASan|ARM64
		DebugASan|x64 = DebugASan|x64
		DebugASan|x86 = DebugASan|x86
		Release|Any CPU = Release|Any CPU
		Release|ARM = Release|ARM
		Release|ARM64 = Release|ARM64
		Release|x64 = Release|x64
		Release|x86 = Release|x86
		Release-asan|Any CPU = Release-asan|Any CPU
		Release-asan|ARM = Release-asan|ARM
		Release-asan|ARM64 = Release-asan|ARM64
		Release-asan|x64 = Release-asan|x64
		Release-asan|x86 = Release-asan|x86
	EndGlobalSection
	GlobalSection(ProjectConfigurationPlatforms) = postSolution
		{BE8D5B67-F8B4-46FC-A739-50D44550A090}.Debug|Any CPU.ActiveCfg = Debug|Win32
		{BE8D5B67-F8B4-46FC-A739-50D44550A090}.Debug|Any CPU.Build.0 = Debug|Win32
		{BE8D5B67-F8B4-46FC-A739-50D44550A090}.Debug|ARM.ActiveCfg = Debug|Win32
		{BE8D5B67-F8B4-46FC-A739-50D44550A090}.Debug|ARM64.ActiveCfg = Debug|Win32
		{BE8D5B67-F8B4-46FC-A739-50D44550A090}.Debug|x64.ActiveCfg = Debug|x64
		{BE8D5B67-F8B4-46FC-A739-50D44550A090}.Debug|x86.ActiveCfg = Debug|Win32
		{BE8D5B67-F8B4-46FC-A739-50D44550A090}.DebugASan|Any CPU.ActiveCfg = DebugASan|Win32
		{BE8D5B67-F8B4-46FC-A739-50D44550A090}.DebugASan|ARM.ActiveCfg = DebugASan|Win32
		{BE8D5B67-F8B4-46FC-A739-50D44550A090}.DebugASan|ARM64.ActiveCfg = DebugASan|Win32
		{BE8D5B67-F8B4-46FC-A739-50D44550A090}.DebugASan|x64.ActiveCfg = DebugASan|x64
		{BE8D5B67-F8B4-46FC-A739-50D44550A090}.DebugASan|x86.ActiveCfg = DebugASan|Win32
		{BE8D5B67-F8B4-46FC-A739-50D44550A090}.DebugASan|x86.Build.0 = DebugASan|Win32
		{BE8D5B67-F8B4-46FC-A739-50D44550A090}.Release|Any CPU.ActiveCfg = Release|Win32
		{BE8D5B67-F8B4-46FC-A739-50D44550A090}.Release|ARM.ActiveCfg = Release|Win32
		{BE8D5B67-F8B4-46FC-A739-50D44550A090}.Release|ARM64.ActiveCfg = Release|Win32
		{BE8D5B67-F8B4-46FC-A739-50D44550A090}.Release|x64.ActiveCfg = Release|x64
		{BE8D5B67-F8B4-46FC-A739-50D44550A090}.Release|x86.ActiveCfg = Release|Win32
		{BE8D5B67-F8B4-46FC-A739-50D44550A090}.Release|x86.Build.0 = Release|Win32
		{BE8D5B67-F8B4-46FC-A739-50D44550A090}.Release-asan|Any CPU.ActiveCfg = Release-asan|Win32
		{BE8D5B67-F8B4-46FC-A739-50D44550A090}.Release-asan|ARM.ActiveCfg = Release-asan|Win32
		{BE8D5B67-F8B4-46FC-A739-50D44550A090}.Release-asan|ARM64.ActiveCfg = Release-asan|Win32
		{BE8D5B67-F8B4-46FC-A739-50D44550A090}.Release-asan|x64.ActiveCfg = Release-asan|x64
		{BE8D5B67-F8B4-46FC-A739-50D44550A090}.Release-asan|x86.ActiveCfg = Release-asan|Win32
		{72B8CEB9-E80A-4707-BF7C-80ED4028D0F3}.Debug|Any CPU.ActiveCfg = Debug|Win32
		{72B8CEB9-E80A-4707-BF7C-80ED4028D0F3}.Debug|ARM.ActiveCfg = Debug|Win32
		{72B8CEB9-E80A-4707-BF7C-80ED4028D0F3}.Debug|ARM64.ActiveCfg = Debug|Win32
		{72B8CEB9-E80A-4707-BF7C-80ED4028D0F3}.Debug|x64.ActiveCfg = Debug|x64
		{72B8CEB9-E80A-4707-BF7C-80ED4028D0F3}.Debug|x64.Build.0 = Debug|x64
		{72B8CEB9-E80A-4707-BF7C-80ED4028D0F3}.Debug|x86.ActiveCfg = Debug|Win32
		{72B8CEB9-E80A-4707-BF7C-80ED4028D0F3}.Debug|x86.Build.0 = Debug|Win32
		{72B8CEB9-E80A-4707-BF7C-80ED4028D0F3}.DebugASan|Any CPU.ActiveCfg = DebugASan|Win32
		{72B8CEB9-E80A-4707-BF7C-80ED4028D0F3}.DebugASan|ARM.ActiveCfg = DebugASan|Win32
		{72B8CEB9-E80A-4707-BF7C-80ED4028D0F3}.DebugASan|ARM64.ActiveCfg = DebugASan|Win32
		{72B8CEB9-E80A-4707-BF7C-80ED4028D0F3}.DebugASan|x64.ActiveCfg = DebugASan|x64
		{72B8CEB9-E80A-4707-BF7C-80ED4028D0F3}.DebugASan|x64.Build.0 = DebugASan|x64
		{72B8CEB9-E80A-4707-BF7C-80ED4028D0F3}.DebugASan|x86.ActiveCfg = DebugASan|Win32
		{72B8CEB9-E80A-4707-BF7C-80ED4028D0F3}.DebugASan|x86.Build.0 = DebugASan|Win32
		{72B8CEB9-E80A-4707-BF7C-80ED4028D0F3}.Release|Any CPU.ActiveCfg = Release|Win32
		{72B8CEB9-E80A-4707-BF7C-80ED4028D0F3}.Release|ARM.ActiveCfg = Release|Win32
		{72B8CEB9-E80A-4707-BF7C-80ED4028D0F3}.Release|ARM64.ActiveCfg = Release|Win32
		{72B8CEB9-E80A-4707-BF7C-80ED4028D0F3}.Release|x64.ActiveCfg = Release|x64
		{72B8CEB9-E80A-4707-BF7C-80ED4028D0F3}.Release|x64.Build.0 = Release|x64
		{72B8CEB9-E80A-4707-BF7C-80ED4028D0F3}.Release|x86.ActiveCfg = Release|Win32
		{72B8CEB9-E80A-4707-BF7C-80ED4028D0F3}.Release|x86.Build.0 = Release|Win32
		{72B8CEB9-E80A-4707-BF7C-80ED4028D0F3}.Release-asan|Any CPU.ActiveCfg = Release-asan|Win32
		{72B8CEB9-E80A-4707-BF7C-80ED4028D0F3}.Release-asan|ARM.ActiveCfg = Release-asan|Win32
		{72B8CEB9-E80A-4707-BF7C-80ED4028D0F3}.Release-asan|ARM64.ActiveCfg = Release-asan|Win32
		{72B8CEB9-E80A-4707-BF7C-80ED4028D0F3}.Release-asan|x64.ActiveCfg = Release-asan|x64
		{72B8CEB9-E80A-4707-BF7C-80ED4028D0F3}.Release-asan|x64.Build.0 = Release-asan|x64
		{72B8CEB9-E80A-4707-BF7C-80ED4028D0F3}.Release-asan|x86.ActiveCfg = Release-asan|Win32
		{72B8CEB9-E80A-4707-BF7C-80ED4028D0F3}.Release-asan|x86.Build.0 = Release-asan|Win32
		{2E50E2A2-51C8-402B-A067-0616C1228773}.Debug|Any CPU.ActiveCfg = Debug|Win32
		{2E50E2A2-51C8-402B-A067-0616C1228773}.Debug|ARM.ActiveCfg = Debug|Win32
		{2E50E2A2-51C8-402B-A067-0616C1228773}.Debug|ARM64.ActiveCfg = Debug|Win32
		{2E50E2A2-51C8-402B-A067-0616C1228773}.Debug|x64.ActiveCfg = Debug|x64
		{2E50E2A2-51C8-402B-A067-0616C1228773}.Debug|x86.ActiveCfg = Debug|Win32
		{2E50E2A2-51C8-402B-A067-0616C1228773}.DebugASan|Any CPU.ActiveCfg = DebugASan|Win32
		{2E50E2A2-51C8-402B-A067-0616C1228773}.DebugASan|ARM.ActiveCfg = DebugASan|Win32
		{2E50E2A2-51C8-402B-A067-0616C1228773}.DebugASan|ARM64.ActiveCfg = DebugASan|Win32
		{2E50E2A2-51C8-402B-A067-0616C1228773}.DebugASan|x64.ActiveCfg = DebugASan|x64
		{2E50E2A2-51C8-402B-A067-0616C1228773}.DebugASan|x86.ActiveCfg = DebugASan|Win32
		{2E50E2A2-51C8-402B-A067-0616C1228773}.Release|Any CPU.ActiveCfg = Release|Win32
		{2E50E2A2-51C8-402B-A067-0616C1228773}.Release|ARM.ActiveCfg = Release|Win32
		{2E50E2A2-51C8-402B-A067-0616C1228773}.Release|ARM64.ActiveCfg = Release|Win32
		{2E50E2A2-51C8-402B-A067-0616C1228773}.Release|x64.ActiveCfg = Release|x64
		{2E50E2A2-51C8-402B-A067-0616C1228773}.Release|x86.ActiveCfg = Release|Win32
		{2E50E2A2-51C8-402B-A067-0616C1228773}.Release|x86.Build.0 = Release|Win32
		{2E50E2A2-51C8-402B-A067-0616C1228773}.Release-asan|Any CPU.ActiveCfg = Release-asan|Win32
		{2E50E2A2-51C8-402B-A067-0616C1228773}.Release-asan|ARM.ActiveCfg = Release-asan|Win32
		{2E50E2A2-51C8-402B-A067-0616C1228773}.Release-asan|ARM64.ActiveCfg = Release-asan|Win32
		{2E50E2A2-51C8-402B-A067-0616C1228773}.Release-asan|x64.ActiveCfg = Release-asan|x64
		{2E50E2A2-51C8-402B-A067-0616C1228773}.Release-asan|x86.ActiveCfg = Release-asan|Win32
		{89940A69-D531-4842-885C-306EB0EBD790}.Debug|Any CPU.ActiveCfg = Debug|Win32
		{89940A69-D531-4842-885C-306EB0EBD790}.Debug|ARM.ActiveCfg = Debug|Win32
		{89940A69-D531-4842-885C-306EB0EBD790}.Debug|ARM64.ActiveCfg = Debug|Win32
		{89940A69-D531-4842-885C-306EB0EBD790}.Debug|x64.ActiveCfg = Debug|x64
		{89940A69-D531-4842-885C-306EB0EBD790}.Debug|x86.ActiveCfg = Debug|Win32
		{89940A69-D531-4842-885C-306EB0EBD790}.DebugASan|Any CPU.ActiveCfg = DebugASan|Win32
		{89940A69-D531-4842-885C-306EB0EBD790}.DebugASan|ARM.ActiveCfg = DebugASan|Win32
		{89940A69-D531-4842-885C-306EB0EBD790}.DebugASan|ARM64.ActiveCfg = DebugASan|Win32
		{89940A69-D531-4842-885C-306EB0EBD790}.DebugASan|x64.ActiveCfg = DebugASan|x64
		{89940A69-D531-4842-885C-306EB0EBD790}.DebugASan|x86.ActiveCfg = DebugASan|Win32
		{89940A69-D531-4842-885C-306EB0EBD790}.Release|Any CPU.ActiveCfg = Release|Win32
		{89940A69-D531-4842-885C-306EB0EBD790}.Release|ARM.ActiveCfg = Release|Win32
		{89940A69-D531-4842-885C-306EB0EBD790}.Release|ARM64.ActiveCfg = Release|Win32
		{89940A69-D531-4842-885C-306EB0EBD790}.Release|x64.ActiveCfg = Release|x64
		{89940A69-D531-4842-885C-306EB0EBD790}.Release|x86.ActiveCfg = Release|Win32
		{89940A69-D531-4842-885C-306EB0EBD790}.Release|x86.Build.0 = Release|Win32
		{89940A69-D531-4842-885C-306EB0EBD790}.Release-asan|Any CPU.ActiveCfg = Release-asan|Win32
		{89940A69-D531-4842-885C-306EB0EBD790}.Release-asan|ARM.ActiveCfg = Release-asan|Win32
		{89940A69-D531-4842-885C-306EB0EBD790}.Release-asan|ARM64.ActiveCfg = Release-asan|Win32
		{89940A69-D531-4842-885C-306EB0EBD790}.Release-asan|x64.ActiveCfg = Release-asan|x64
		{89940A69-D531-4842-885C-306EB0EBD790}.Release-asan|x86.ActiveCfg = Release-asan|Win32
		{899CD85D-F441-4FE3-A772-68908CB5199E}.Debug|Any CPU.ActiveCfg = Debug|Win32
		{899CD85D-F441-4FE3-A772-68908CB5199E}.Debug|ARM.ActiveCfg = Debug|Win32
		{899CD85D-F441-4FE3-A772-68908CB5199E}.Debug|ARM64.ActiveCfg = Debug|Win32
		{899CD85D-F441-4FE3-A772-68908CB5199E}.Debug|x64.ActiveCfg = Debug|x64
		{899CD85D-F441-4FE3-A772-68908CB5199E}.Debug|x86.ActiveCfg = Debug|Win32
		{899CD85D-F441-4FE3-A772-68908CB5199E}.DebugASan|Any CPU.ActiveCfg = DebugASan|Win32
		{899CD85D-F441-4FE3-A772-68908CB5199E}.DebugASan|ARM.ActiveCfg = DebugASan|Win32
		{899CD85D-F441-4FE3-A772-68908CB5199E}.DebugASan|ARM64.ActiveCfg = DebugASan|Win32
		{899CD85D-F441-4FE3-A772-68908CB5199E}.DebugASan|x64.ActiveCfg = DebugASan|x64
		{899CD85D-F441-4FE3-A772-68908CB5199E}.DebugASan|x86.ActiveCfg = DebugASan|Win32
		{899CD85D-F441-4FE3-A772-68908CB5199E}.Release|Any CPU.ActiveCfg = Release|Win32
		{899CD85D-F441-4FE3-A772-68908CB5199E}.Release|ARM.ActiveCfg = Release|Win32
		{899CD85D-F441-4FE3-A772-68908CB5199E}.Release|ARM64.ActiveCfg = Release|Win32
		{899CD85D-F441-4FE3-A772-68908CB5199E}.Release|x64.ActiveCfg = Release|x64
		{899CD85D-F441-4FE3-A772-68908CB5199E}.Release|x86.ActiveCfg = Release|Win32
		{899CD85D-F441-4FE3-A772-68908CB5199E}.Release|x86.Build.0 = Release|Win32
		{899CD85D-F441-4FE3-A772-68908CB5199E}.Release-asan|Any CPU.ActiveCfg = Release-asan|Win32
		{899CD85D-F441-4FE3-A772-68908CB5199E}.Release-asan|ARM.ActiveCfg = Release-asan|Win32
		{899CD85D-F441-4FE3-A772-68908CB5199E}.Release-asan|ARM64.ActiveCfg = Release-asan|Win32
		{899CD85D-F441-4FE3-A772-68908CB5199E}.Release-asan|x64.ActiveCfg = Release-asan|x64
		{899CD85D-F441-4FE3-A772-68908CB5199E}.Release-asan|x86.ActiveCfg = Release-asan|Win32
		{E0EFE715-086C-4FC0-90A5-54BE5E86C7D2}.Debug|Any CPU.ActiveCfg = Debug|Win32
		{E0EFE715-086C-4FC0-90A5-54BE5E86C7D2}.Debug|ARM.ActiveCfg = Debug|Win32
		{E0EFE715-086C-4FC0-90A5-54BE5E86C7D2}.Debug|ARM64.ActiveCfg = Debug|Win32
		{E0EFE715-086C-4FC0-90A5-54BE5E86C7D2}.Debug|x64.ActiveCfg = Debug|x64
		{E0EFE715-086C-4FC0-90A5-54BE5E86C7D2}.Debug|x86.ActiveCfg = Debug|Win32
		{E0EFE715-086C-4FC0-90A5-54BE5E86C7D2}.DebugASan|Any CPU.ActiveCfg = DebugASan|Win32
		{E0EFE715-086C-4FC0-90A5-54BE5E86C7D2}.DebugASan|ARM.ActiveCfg = DebugASan|Win32
		{E0EFE715-086C-4FC0-90A5-54BE5E86C7D2}.DebugASan|ARM64.ActiveCfg = DebugASan|Win32
		{E0EFE715-086C-4FC0-90A5-54BE5E86C7D2}.DebugASan|x64.ActiveCfg = DebugASan|x64
		{E0EFE715-086C-4FC0-90A5-54BE5E86C7D2}.DebugASan|x86.ActiveCfg = DebugASan|Win32
		{E0EFE715-086C-4FC0-90A5-54BE5E86C7D2}.Release|Any CPU.ActiveCfg = Release|Win32
		{E0EFE715-086C-4FC0-90A5-54BE5E86C7D2}.Release|ARM.ActiveCfg = Release|Win32
		{E0EFE715-086C-4FC0-90A5-54BE5E86C7D2}.Release|ARM64.ActiveCfg = Release|Win32
		{E0EFE715-086C-4FC0-90A5-54BE5E86C7D2}.Release|x64.ActiveCfg = Release|x64
		{E0EFE715-086C-4FC0-90A5-54BE5E86C7D2}.Release|x86.ActiveCfg = Release|Win32
		{E0EFE715-086C-4FC0-90A5-54BE5E86C7D2}.Release|x86.Build.0 = Release|Win32
		{E0EFE715-086C-4FC0-90A5-54BE5E86C7D2}.Release-asan|Any CPU.ActiveCfg = Release-asan|Win32
		{E0EFE715-086C-4FC0-90A5-54BE5E86C7D2}.Release-asan|ARM.ActiveCfg = Release-asan|Win32
		{E0EFE715-086C-4FC0-90A5-54BE5E86C7D2}.Release-asan|ARM64.ActiveCfg = Release-asan|Win32
		{E0EFE715-086C-4FC0-90A5-54BE5E86C7D2}.Release-asan|x64.ActiveCfg = Release-asan|x64
		{E0EFE715-086C-4FC0-90A5-54BE5E86C7D2}.Release-asan|x86.ActiveCfg = Release-asan|Win32
		{61B0C5A2-9B77-4AB1-BB01-DB62ACAE3069}.Debug|Any CPU.ActiveCfg = Debug|Win32
		{61B0C5A2-9B77-4AB1-BB01-DB62ACAE3069}.Debug|ARM.ActiveCfg = Debug|Win32
		{61B0C5A2-9B77-4AB1-BB01-DB62ACAE3069}.Debug|ARM64.ActiveCfg = Debug|Win32
		{61B0C5A2-9B77-4AB1-BB01-DB62ACAE3069}.Debug|x64.ActiveCfg = Debug|x64
		{61B0C5A2-9B77-4AB1-BB01-DB62ACAE3069}.Debug|x86.ActiveCfg = Debug|Win32
		{61B0C5A2-9B77-4AB1-BB01-DB62ACAE3069}.DebugASan|Any CPU.ActiveCfg = DebugASan|Win32
		{61B0C5A2-9B77-4AB1-BB01-DB62ACAE3069}.DebugASan|ARM.ActiveCfg = DebugASan|Win32
		{61B0C5A2-9B77-4AB1-BB01-DB62ACAE3069}.DebugASan|ARM64.ActiveCfg = DebugASan|Win32
		{61B0C5A2-9B77-4AB1-BB01-DB62ACAE3069}.DebugASan|x64.ActiveCfg = DebugASan|x64
		{61B0C5A2-9B77-4AB1-BB01-DB62ACAE3069}.DebugASan|x86.ActiveCfg = DebugASan|Win32
		{61B0C5A2-9B77-4AB1-BB01-DB62ACAE3069}.Release|Any CPU.ActiveCfg = Release|Win32
		{61B0C5A2-9B77-4AB1-BB01-DB62ACAE3069}.Release|ARM.ActiveCfg = Release|Win32
		{61B0C5A2-9B77-4AB1-BB01-DB62ACAE3069}.Release|ARM64.ActiveCfg = Release|Win32
		{61B0C5A2-9B77-4AB1-BB01-DB62ACAE3069}.Release|x64.ActiveCfg = Release|x64
		{61B0C5A2-9B77-4AB1-BB01-DB62ACAE3069}.Release|x86.ActiveCfg = Release|Win32
		{61B0C5A2-9B77-4AB1-BB01-DB62ACAE3069}.Release|x86.Build.0 = Release|Win32
		{61B0C5A2-9B77-4AB1-BB01-DB62ACAE3069}.Release-asan|Any CPU.ActiveCfg = Release-asan|Win32
		{61B0C5A2-9B77-4AB1-BB01-DB62ACAE3069}.Release-asan|ARM.ActiveCfg = Release-asan|Win32
		{61B0C5A2-9B77-4AB1-BB01-DB62ACAE3069}.Release-asan|ARM64.ActiveCfg = Release-asan|Win32
		{61B0C5A2-9B77-4AB1-BB01-DB62ACAE3069}.Release-asan|x64.ActiveCfg = Release-asan|x64
		{61B0C5A2-9B77-4AB1-BB01-DB62ACAE3069}.Release-asan|x86.ActiveCfg = Release-asan|Win32
		{C8B3AC0F-B8C3-42F2-B624-966CF38AD5DB}.Debug|Any CPU.ActiveCfg = Debug|Win32
		{C8B3AC0F-B8C3-42F2-B624-966CF38AD5DB}.Debug|ARM.ActiveCfg = Debug|Win32
		{C8B3AC0F-B8C3-42F2-B624-966CF38AD5DB}.Debug|ARM64.ActiveCfg = Debug|Win32
		{C8B3AC0F-B8C3-42F2-B624-966CF38AD5DB}.Debug|x64.ActiveCfg = Debug|x64
		{C8B3AC0F-B8C3-42F2-B624-966CF38AD5DB}.Debug|x86.ActiveCfg = Debug|Win32
		{C8B3AC0F-B8C3-42F2-B624-966CF38AD5DB}.DebugASan|Any CPU.ActiveCfg = DebugASan|Win32
		{C8B3AC0F-B8C3-42F2-B624-966CF38AD5DB}.DebugASan|ARM.ActiveCfg = DebugASan|Win32
		{C8B3AC0F-B8C3-42F2-B624-966CF38AD5DB}.DebugASan|ARM64.ActiveCfg = DebugASan|Win32
		{C8B3AC0F-B8C3-42F2-B624-966CF38AD5DB}.DebugASan|x64.ActiveCfg = DebugASan|x64
		{C8B3AC0F-B8C3-42F2-B624-966CF38AD5DB}.DebugASan|x86.ActiveCfg = DebugASan|Win32
		{C8B3AC0F-B8C3-42F2-B624-966CF38AD5DB}.Release|Any CPU.ActiveCfg = Release|Win32
		{C8B3AC0F-B8C3-42F2-B624-966CF38AD5DB}.Release|ARM.ActiveCfg = Release|Win32
		{C8B3AC0F-B8C3-42F2-B624-966CF38AD5DB}.Release|ARM64.ActiveCfg = Release|Win32
		{C8B3AC0F-B8C3-42F2-B624-966CF38AD5DB}.Release|x64.ActiveCfg = Release|x64
		{C8B3AC0F-B8C3-42F2-B624-966CF38AD5DB}.Release|x86.ActiveCfg = Release|Win32
		{C8B3AC0F-B8C3-42F2-B624-966CF38AD5DB}.Release|x86.Build.0 = Release|Win32
		{C8B3AC0F-B8C3-42F2-B624-966CF38AD5DB}.Release-asan|Any CPU.ActiveCfg = Release-asan|Win32
		{C8B3AC0F-B8C3-42F2-B624-966CF38AD5DB}.Release-asan|ARM.ActiveCfg = Release-asan|Win32
		{C8B3AC0F-B8C3-42F2-B624-966CF38AD5DB}.Release-asan|ARM64.ActiveCfg = Release-asan|Win32
		{C8B3AC0F-B8C3-42F2-B624-966CF38AD5DB}.Release-asan|x64.ActiveCfg = Release-asan|x64
		{C8B3AC0F-B8C3-42F2-B624-966CF38AD5DB}.Release-asan|x86.ActiveCfg = Release-asan|Win32
		{64579103-DEC3-41E4-971F-9C0DF996BE8B}.Debug|Any CPU.ActiveCfg = Debug|Win32
		{64579103-DEC3-41E4-971F-9C0DF996BE8B}.Debug|ARM.ActiveCfg = Debug|Win32
		{64579103-DEC3-41E4-971F-9C0DF996BE8B}.Debug|ARM64.ActiveCfg = Debug|Win32
		{64579103-DEC3-41E4-971F-9C0DF996BE8B}.Debug|x64.ActiveCfg = Debug|x64
		{64579103-DEC3-41E4-971F-9C0DF996BE8B}.Debug|x64.Build.0 = Debug|x64
		{64579103-DEC3-41E4-971F-9C0DF996BE8B}.Debug|x86.ActiveCfg = Debug|Win32
		{64579103-DEC3-41E4-971F-9C0DF996BE8B}.DebugASan|Any CPU.ActiveCfg = DebugASan|Win32
		{64579103-DEC3-41E4-971F-9C0DF996BE8B}.DebugASan|ARM.ActiveCfg = DebugASan|Win32
		{64579103-DEC3-41E4-971F-9C0DF996BE8B}.DebugASan|ARM64.ActiveCfg = DebugASan|Win32
		{64579103-DEC3-41E4-971F-9C0DF996BE8B}.DebugASan|x64.ActiveCfg = DebugASan|x64
		{64579103-DEC3-41E4-971F-9C0DF996BE8B}.DebugASan|x86.ActiveCfg = DebugASan|Win32
		{64579103-DEC3-41E4-971F-9C0DF996BE8B}.DebugASan|x86.Build.0 = DebugASan|Win32
		{64579103-DEC3-41E4-971F-9C0DF996BE8B}.Release|Any CPU.ActiveCfg = Release|Win32
		{64579103-DEC3-41E4-971F-9C0DF996BE8B}.Release|ARM.ActiveCfg = Release|Win32
		{64579103-DEC3-41E4-971F-9C0DF996BE8B}.Release|ARM64.ActiveCfg = Release|Win32
		{64579103-DEC3-41E4-971F-9C0DF996BE8B}.Release|x64.ActiveCfg = Release|x64
		{64579103-DEC3-41E4-971F-9C0DF996BE8B}.Release|x86.ActiveCfg = Release|Win32
		{64579103-DEC3-41E4-971F-9C0DF996BE8B}.Release|x86.Build.0 = Release|Win32
		{64579103-DEC3-41E4-971F-9C0DF996BE8B}.Release-asan|Any CPU.ActiveCfg = Release-asan|Win32
		{64579103-DEC3-41E4-971F-9C0DF996BE8B}.Release-asan|ARM.ActiveCfg = Release-asan|Win32
		{64579103-DEC3-41E4-971F-9C0DF996BE8B}.Release-asan|ARM64.ActiveCfg = Release-asan|Win32
		{64579103-DEC3-41E4-971F-9C0DF996BE8B}.Release-asan|x64.ActiveCfg = Release-asan|x64
		{64579103-DEC3-41E4-971F-9C0DF996BE8B}.Release-asan|x86.ActiveCfg = Release-asan|Win32
		{B1559428-CDF8-4797-8766-0EA62BDD6D1B}.Debug|Any CPU.ActiveCfg = Debug|Win32
		{B1559428-CDF8-4797-8766-0EA62BDD6D1B}.Debug|ARM.ActiveCfg = Debug|Win32
		{B1559428-CDF8-4797-8766-0EA62BDD6D1B}.Debug|ARM64.ActiveCfg = Debug|Win32
		{B1559428-CDF8-4797-8766-0EA62BDD6D1B}.Debug|x64.ActiveCfg = Debug|x64
		{B1559428-CDF8-4797-8766-0EA62BDD6D1B}.Debug|x86.ActiveCfg = Debug|Win32
		{B1559428-CDF8-4797-8766-0EA62BDD6D1B}.Debug|x86.Build.0 = Debug|Win32
		{B1559428-CDF8-4797-8766-0EA62BDD6D1B}.DebugASan|Any CPU.ActiveCfg = DebugASan|Win32
		{B1559428-CDF8-4797-8766-0EA62BDD6D1B}.DebugASan|ARM.ActiveCfg = DebugASan|Win32
		{B1559428-CDF8-4797-8766-0EA62BDD6D1B}.DebugASan|ARM64.ActiveCfg = DebugASan|Win32
		{B1559428-CDF8-4797-8766-0EA62BDD6D1B}.DebugASan|x64.ActiveCfg = DebugASan|x64
		{B1559428-CDF8-4797-8766-0EA62BDD6D1B}.DebugASan|x64.Build.0 = DebugASan|x64
		{B1559428-CDF8-4797-8766-0EA62BDD6D1B}.DebugASan|x86.ActiveCfg = DebugASan|Win32
		{B1559428-CDF8-4797-8766-0EA62BDD6D1B}.DebugASan|x86.Build.0 = DebugASan|Win32
		{B1559428-CDF8-4797-8766-0EA62BDD6D1B}.Release|Any CPU.ActiveCfg = Release|Win32
		{B1559428-CDF8-4797-8766-0EA62BDD6D1B}.Release|ARM.ActiveCfg = Release|Win32
		{B1559428-CDF8-4797-8766-0EA62BDD6D1B}.Release|ARM64.ActiveCfg = Release|Win32
		{B1559428-CDF8-4797-8766-0EA62BDD6D1B}.Release|x64.ActiveCfg = ReleaseGNS|x64
		{B1559428-CDF8-4797-8766-0EA62BDD6D1B}.Release|x64.Build.0 = ReleaseGNS|x64
		{B1559428-CDF8-4797-8766-0EA62BDD6D1B}.Release|x86.ActiveCfg = Release|Win32
		{B1559428-CDF8-4797-8766-0EA62BDD6D1B}.Release|x86.Build.0 = Release|Win32
		{B1559428-CDF8-4797-8766-0EA62BDD6D1B}.Release-asan|Any CPU.ActiveCfg = Release-asan|Win32
		{B1559428-CDF8-4797-8766-0EA62BDD6D1B}.Release-asan|ARM.ActiveCfg = Release-asan|Win32
		{B1559428-CDF8-4797-8766-0EA62BDD6D1B}.Release-asan|ARM64.ActiveCfg = Release-asan|Win32
		{B1559428-CDF8-4797-8766-0EA62BDD6D1B}.Release-asan|x64.ActiveCfg = Release-asan|x64
		{B1559428-CDF8-4797-8766-0EA62BDD6D1B}.Release-asan|x64.Build.0 = Release-asan|x64
		{B1559428-CDF8-4797-8766-0EA62BDD6D1B}.Release-asan|x86.ActiveCfg = Release-asan|Win32
		{B1559428-CDF8-4797-8766-0EA62BDD6D1B}.Release-asan|x86.Build.0 = Release-asan|Win32
		{155BC29B-5143-44CF-AC90-82B82B056E48}.Debug|Any CPU.ActiveCfg = Debug|x64
		{155BC29B-5143-44CF-AC90-82B82B056E48}.Debug|Any CPU.Build.0 = Debug|x64
		{155BC29B-5143-44CF-AC90-82B82B056E48}.Debug|ARM.ActiveCfg = Debug|x64
		{155BC29B-5143-44CF-AC90-82B82B056E48}.Debug|ARM.Build.0 = Debug|x64
		{155BC29B-5143-44CF-AC90-82B82B056E48}.Debug|ARM64.ActiveCfg = Debug|x64
		{155BC29B-5143-44CF-AC90-82B82B056E48}.Debug|ARM64.Build.0 = Debug|x64
		{155BC29B-5143-44CF-AC90-82B82B056E48}.Debug|x64.ActiveCfg = Debug|x64
		{155BC29B-5143-44CF-AC90-82B82B056E48}.Debug|x64.Build.0 = Debug|x64
		{155BC29B-5143-44CF-AC90-82B82B056E48}.Debug|x86.ActiveCfg = Debug|Win32
		{155BC29B-5143-44CF-AC90-82B82B056E48}.Debug|x86.Build.0 = Debug|Win32
		{155BC29B-5143-44CF-AC90-82B82B056E48}.DebugASan|Any CPU.ActiveCfg = Debug|x64
		{155BC29B-5143-44CF-AC90-82B82B056E48}.DebugASan|Any CPU.Build.0 = Debug|x64
		{155BC29B-5143-44CF-AC90-82B82B056E48}.DebugASan|ARM.ActiveCfg = Debug|x64
		{155BC29B-5143-44CF-AC90-82B82B056E48}.DebugASan|ARM.Build.0 = Debug|x64
		{155BC29B-5143-44CF-AC90-82B82B056E48}.DebugASan|ARM64.ActiveCfg = Debug|x64
		{155BC29B-5143-44CF-AC90-82B82B056E48}.DebugASan|ARM64.Build.0 = Debug|x64
		{155BC29B-5143-44CF-AC90-82B82B056E48}.DebugASan|x64.ActiveCfg = Debug|x64
		{155BC29B-5143-44CF-AC90-82B82B056E48}.DebugASan|x64.Build.0 = Debug|x64
		{155BC29B-5143-44CF-AC90-82B82B056E48}.DebugASan|x86.ActiveCfg = Debug|Win32
		{155BC29B-5143-44CF-AC90-82B82B056E48}.DebugASan|x86.Build.0 = Debug|Win32
		{155BC29B-5143-44CF-AC90-82B82B056E48}.Release|Any CPU.ActiveCfg = Release|x64
		{155BC29B-5143-44CF-AC90-82B82B056E48}.Release|Any CPU.Build.0 = Release|x64
		{155BC29B-5143-44CF-AC90-82B82B056E48}.Release|ARM.ActiveCfg = Release|x64
		{155BC29B-5143-44CF-AC90-82B82B056E48}.Release|ARM.Build.0 = Release|x64
		{155BC29B-5143-44CF-AC90-82B82B056E48}.Release|ARM64.ActiveCfg = Release|x64
		{155BC29B-5143-44CF-AC90-82B82B056E48}.Release|ARM64.Build.0 = Release|x64
		{155BC29B-5143-44CF-AC90-82B82B056E48}.Release|x64.ActiveCfg = Release|x64
		{155BC29B-5143-44CF-AC90-82B82B056E48}.Release|x64.Build.0 = Release|x64
		{155BC29B-5143-44CF-AC90-82B82B056E48}.Release|x86.ActiveCfg = Release|Win32
		{155BC29B-5143-44CF-AC90-82B82B056E48}.Release|x86.Build.0 = Release|Win32
		{155BC29B-5143-44CF-AC90-82B82B056E48}.Release-asan|Any CPU.ActiveCfg = Release|x64
		{155BC29B-5143-44CF-AC90-82B82B056E48}.Release-asan|Any CPU.Build.0 = Release|x64
		{155BC29B-5143-44CF-AC90-82B82B056E48}.Release-asan|ARM.ActiveCfg = Release|x64
		{155BC29B-5143-44CF-AC90-82B82B056E48}.Release-asan|ARM.Build.0 = Release|x64
		{155BC29B-5143-44CF-AC90-82B82B056E48}.Release-asan|ARM64.ActiveCfg = Release|x64
		{155BC29B-5143-44CF-AC90-82B82B056E48}.Release-asan|ARM64.Build.0 = Release|x64
		{155BC29B-5143-44CF-AC90-82B82B056E48}.Release-asan|x64.ActiveCfg = Release|x64
		{155BC29B-5143-44CF-AC90-82B82B056E48}.Release-asan|x64.Build.0 = Release|x64
		{155BC29B-5143-44CF-AC90-82B82B056E48}.Release-asan|x86.ActiveCfg = Release|Win32
		{155BC29B-5143-44CF-AC90-82B82B056E48}.Release-asan|x86.Build.0 = Release|Win32
		{CF0C4EFD-AC40-426F-9751-15B73E07008D}.Debug|Any CPU.ActiveCfg = Debug|x64
		{CF0C4EFD-AC40-426F-9751-15B73E07008D}.Debug|Any CPU.Build.0 = Debug|x64
		{CF0C4EFD-AC40-426F-9751-15B73E07008D}.Debug|ARM.ActiveCfg = Debug|x64
		{CF0C4EFD-AC40-426F-9751-15B73E07008D}.Debug|ARM.Build.0 = Debug|x64
		{CF0C4EFD-AC40-426F-9751-15B73E07008D}.Debug|ARM64.ActiveCfg = Debug|x64
		{CF0C4EFD-AC40-426F-9751-15B73E07008D}.Debug|ARM64.Build.0 = Debug|x64
		{CF0C4EFD-AC40-426F-9751-15B73E07008D}.Debug|x64.ActiveCfg = Debug|x64
		{CF0C4EFD-AC40-426F-9751-15B73E07008D}.Debug|x86.ActiveCfg = Debug|Win32
		{CF0C4EFD-AC40-426F-9751-15B73E07008D}.Debug|x86.Build.0 = Debug|Win32
		{CF0C4EFD-AC40-426F-9751-15B73E07008D}.DebugASan|Any CPU.ActiveCfg = Debug|x64
		{CF0C4EFD-AC40-426F-9751-15B73E07008D}.DebugASan|Any CPU.Build.0 = Debug|x64
		{CF0C4EFD-AC40-426F-9751-15B73E07008D}.DebugASan|ARM.ActiveCfg = Debug|x64
		{CF0C4EFD-AC40-426F-9751-15B73E07008D}.DebugASan|ARM.Build.0 = Debug|x64
		{CF0C4EFD-AC40-426F-9751-15B73E07008D}.DebugASan|ARM64.ActiveCfg = Debug|x64
		{CF0C4EFD-AC40-426F-9751-15B73E07008D}.DebugASan|ARM64.Build.0 = Debug|x64
		{CF0C4EFD-AC40-426F-9751-15B73E07008D}.DebugASan|x64.ActiveCfg = Debug|x64
		{CF0C4EFD-AC40-426F-9751-15B73E07008D}.DebugASan|x64.Build.0 = Debug|x64
		{CF0C4EFD-AC40-426F-9751-15B73E07008D}.DebugASan|x86.ActiveCfg = Debug|Win32
		{CF0C4EFD-AC40-426F-9751-15B73E07008D}.DebugASan|x86.Build.0 = Debug|Win32
		{CF0C4EFD-AC40-426F-9751-15B73E07008D}.Release|Any CPU.ActiveCfg = Release|x64
		{CF0C4EFD-AC40-426F-9751-15B73E07008D}.Release|Any CPU.Build.0 = Release|x64
		{CF0C4EFD-AC40-426F-9751-15B73E07008D}.Release|ARM.ActiveCfg = Release|x64
		{CF0C4EFD-AC40-426F-9751-15B73E07008D}.Release|ARM.Build.0 = Release|x64
		{CF0C4EFD-AC40-426F-9751-15B73E07008D}.Release|ARM64.ActiveCfg = Release|x64
		{CF0C4EFD-AC40-426F-9751-15B73E07008D}.Release|ARM64.Build.0 = Release|x64
		{CF0C4EFD-AC40-426F-9751-15B73E07008D}.Release|x64.ActiveCfg = Release|x64
		{CF0C4EFD-AC40-426F-9751-15B73E07008D}.Release|x86.ActiveCfg = Release|Win32
		{CF0C4EFD-AC40-426F-9751-15B73E07008D}.Release|x86.Build.0 = Release|Win32
		{CF0C4EFD-AC40-426F-9751-15B73E07008D}.Release-asan|Any CPU.ActiveCfg = Release|x64
		{CF0C4EFD-AC40-426F-9751-15B73E07008D}.Release-asan|Any CPU.Build.0 = Release|x64
		{CF0C4EFD-AC40-426F-9751-15B73E07008D}.Release-asan|ARM.ActiveCfg = Release|x64
		{CF0C4EFD-AC40-426F-9751-15B73E07008D}.Release-asan|ARM.Build.0 = Release|x64
		{CF0C4EFD-AC40-426F-9751-15B73E07008D}.Release-asan|ARM64.ActiveCfg = Release|x64
		{CF0C4EFD-AC40-426F-9751-15B73E07008D}.Release-asan|ARM64.Build.0 = Release|x64
		{CF0C4EFD-AC40-426F-9751-15B73E07008D}.Release-asan|x64.ActiveCfg = Release|x64
		{CF0C4EFD-AC40-426F-9751-15B73E07008D}.Release-asan|x64.Build.0 = Release|x64
		{CF0C4EFD-AC40-426F-9751-15B73E07008D}.Release-asan|x86.ActiveCfg = Release|Win32
		{CF0C4EFD-AC40-426F-9751-15B73E07008D}.Release-asan|x86.Build.0 = Release|Win32
	EndGlobalSection
	GlobalSection(SolutionProperties) = preSolution
		HideSolutionNode = FALSE
	EndGlobalSection
	GlobalSection(NestedProjects) = preSolution
		{BE8D5B67-F8B4-46FC-A739-50D44550A090} = {7DC9ED01-C6D2-43AD-BD85-19EA1F6448D9}
		{2E50E2A2-51C8-402B-A067-0616C1228773} = {7DC9ED01-C6D2-43AD-BD85-19EA1F6448D9}
		{89940A69-D531-4842-885C-306EB0EBD790} = {7DC9ED01-C6D2-43AD-BD85-19EA1F6448D9}
		{899CD85D-F441-4FE3-A772-68908CB5199E} = {7DC9ED01-C6D2-43AD-BD85-19EA1F6448D9}
		{E0EFE715-086C-4FC0-90A5-54BE5E86C7D2} = {7DC9ED01-C6D2-43AD-BD85-19EA1F6448D9}
		{61B0C5A2-9B77-4AB1-BB01-DB62ACAE3069} = {7DC9ED01-C6D2-43AD-BD85-19EA1F6448D9}
		{C8B3AC0F-B8C3-42F2-B624-966CF38AD5DB} = {7DC9ED01-C6D2-43AD-BD85-19EA1F6448D9}
		{64579103-DEC3-41E4-971F-9C0DF996BE8B} = {7DC9ED01-C6D2-43AD-BD85-19EA1F6448D9}
		{B1559428-CDF8-4797-8766-0EA62BDD6D1B} = {7DC9ED01-C6D2-43AD-BD85-19EA1F6448D9}
		{155BC29B-5143-44CF-AC90-82B82B056E48} = {7DC9ED01-C6D2-43AD-BD85-19EA1F6448D9}
		{CF0C4EFD-AC40-426F-9751-15B73E07008D} = {7DC9ED01-C6D2-43AD-BD85-19EA1F6448D9}
	EndGlobalSection
	GlobalSection(ExtensibilityGlobals) = postSolution
		SolutionGuid = {350DAD34-F277-43D7-9AD6-7884A3E9212E}
	EndGlobalSection
EndGlobal
