
Microsoft Visual Studio Solution File, Format Version 12.00
# Visual Studio 15
VisualStudioVersion = 15.0.26228.9
MinimumVisualStudioVersion = 10.0.40219.1
Project("{8BC9CEB8-8B4A-11D0-8D11-00A0C91BC942}") = "crowin", "crowin\crowin.vcxproj", "{72B8CEB9-E80A-4707-BF7C-80ED4028D0F3}"
EndProject
Project("{8BC9CEB8-8B4A-11D0-8D11-00A0C91BC942}") = "testwin", "testwin\testwin.vcxproj", "{BE8D5B67-F8B4-46FC-A739-50D44550A090}"
	ProjectSection(ProjectDependencies) = postProject
		{72B8CEB9-E80A-4707-BF7C-80ED4028D0F3} = {72B8CEB9-E80A-4707-BF7C-80ED4028D0F3}
	EndProjectSection
EndProject
Project("{8BC9CEB8-8B4A-11D0-8D11-00A0C91BC942}") = "SDL2", "SDL2-android\SDL2-android.vcxproj", "{26213ECD-A725-425B-B23D-68E4946165AC}"
EndProject
Project("{8BC9CEB8-8B4A-11D0-8D11-00A0C91BC942}") = "crodroid", "crodroid\crodroid.vcxproj", "{C29A491C-16E6-4ADB-86F8-67BF9436F146}"
	ProjectSection(ProjectDependencies) = postProject
		{91571D06-8EF4-4C20-8A27-3C9692787BF3} = {91571D06-8EF4-4C20-8A27-3C9692787BF3}
		{26213ECD-A725-425B-B23D-68E4946165AC} = {26213ECD-A725-425B-B23D-68E4946165AC}
	EndProjectSection
EndProject
Project("{8BC9CEB8-8B4A-11D0-8D11-00A0C91BC942}") = "droidmain", "droidmain\droidmain.vcxproj", "{65C94681-57B2-4D57-91F6-02CDE58540CC}"
	ProjectSection(ProjectDependencies) = postProject
		{91571D06-8EF4-4C20-8A27-3C9692787BF3} = {91571D06-8EF4-4C20-8A27-3C9692787BF3}
		{C29A491C-16E6-4ADB-86F8-67BF9436F146} = {C29A491C-16E6-4ADB-86F8-67BF9436F146}
		{26213ECD-A725-425B-B23D-68E4946165AC} = {26213ECD-A725-425B-B23D-68E4946165AC}
	EndProjectSection
EndProject
Project("{39E2626F-3545-4960-A6E8-258AD8476CE5}") = "testdroid", "testdroid\testdroid.androidproj", "{2FD3FC81-CA98-4374-A9ED-F1FFAAF24E22}"
EndProject
Project("{8BC9CEB8-8B4A-11D0-8D11-00A0C91BC942}") = "SDL2_mixer", "SDL_mixer\SDL_mixer.vcxproj", "{91571D06-8EF4-4C20-8A27-3C9692787BF3}"
	ProjectSection(ProjectDependencies) = postProject
		{26213ECD-A725-425B-B23D-68E4946165AC} = {26213ECD-A725-425B-B23D-68E4946165AC}
	EndProjectSection
EndProject
Project("{8BC9CEB8-8B4A-11D0-8D11-00A0C91BC942}") = "SDL2_image", "SDL2_image\SDL2_image.vcxproj", "{6F374874-17D4-4CA5-B096-4FD18B04906C}"
	ProjectSection(ProjectDependencies) = postProject
		{26213ECD-A725-425B-B23D-68E4946165AC} = {26213ECD-A725-425B-B23D-68E4946165AC}
	EndProjectSection
EndProject
Global
	GlobalSection(SolutionConfigurationPlatforms) = preSolution
		Debug|ARM = Debug|ARM
		Debug|ARM64 = Debug|ARM64
		Debug|x64 = Debug|x64
		Debug|x86 = Debug|x86
		Release|ARM = Release|ARM
		Release|ARM64 = Release|ARM64
		Release|x64 = Release|x64
		Release|x86 = Release|x86
	EndGlobalSection
	GlobalSection(ProjectConfigurationPlatforms) = postSolution
		{72B8CEB9-E80A-4707-BF7C-80ED4028D0F3}.Debug|ARM.ActiveCfg = Debug|Win32
		{72B8CEB9-E80A-4707-BF7C-80ED4028D0F3}.Debug|ARM64.ActiveCfg = Debug|Win32
		{72B8CEB9-E80A-4707-BF7C-80ED4028D0F3}.Debug|x64.ActiveCfg = Debug|x64
		{72B8CEB9-E80A-4707-BF7C-80ED4028D0F3}.Debug|x64.Build.0 = Debug|x64
		{72B8CEB9-E80A-4707-BF7C-80ED4028D0F3}.Debug|x86.ActiveCfg = Debug|Win32
		{72B8CEB9-E80A-4707-BF7C-80ED4028D0F3}.Debug|x86.Build.0 = Debug|Win32
		{72B8CEB9-E80A-4707-BF7C-80ED4028D0F3}.Release|ARM.ActiveCfg = Release|Win32
		{72B8CEB9-E80A-4707-BF7C-80ED4028D0F3}.Release|ARM64.ActiveCfg = Release|Win32
		{72B8CEB9-E80A-4707-BF7C-80ED4028D0F3}.Release|x64.ActiveCfg = Release|x64
		{72B8CEB9-E80A-4707-BF7C-80ED4028D0F3}.Release|x64.Build.0 = Release|x64
		{72B8CEB9-E80A-4707-BF7C-80ED4028D0F3}.Release|x86.ActiveCfg = Release|Win32
		{72B8CEB9-E80A-4707-BF7C-80ED4028D0F3}.Release|x86.Build.0 = Release|Win32
		{BE8D5B67-F8B4-46FC-A739-50D44550A090}.Debug|ARM.ActiveCfg = Debug|Win32
		{BE8D5B67-F8B4-46FC-A739-50D44550A090}.Debug|ARM64.ActiveCfg = Debug|Win32
		{BE8D5B67-F8B4-46FC-A739-50D44550A090}.Debug|x64.ActiveCfg = Debug|x64
		{BE8D5B67-F8B4-46FC-A739-50D44550A090}.Debug|x64.Build.0 = Debug|x64
		{BE8D5B67-F8B4-46FC-A739-50D44550A090}.Debug|x86.ActiveCfg = Debug|Win32
		{BE8D5B67-F8B4-46FC-A739-50D44550A090}.Debug|x86.Build.0 = Debug|Win32
		{BE8D5B67-F8B4-46FC-A739-50D44550A090}.Release|ARM.ActiveCfg = Release|Win32
		{BE8D5B67-F8B4-46FC-A739-50D44550A090}.Release|ARM64.ActiveCfg = Release|Win32
		{BE8D5B67-F8B4-46FC-A739-50D44550A090}.Release|x64.ActiveCfg = Release|x64
		{BE8D5B67-F8B4-46FC-A739-50D44550A090}.Release|x64.Build.0 = Release|x64
		{BE8D5B67-F8B4-46FC-A739-50D44550A090}.Release|x86.ActiveCfg = Release|Win32
		{BE8D5B67-F8B4-46FC-A739-50D44550A090}.Release|x86.Build.0 = Release|Win32
		{26213ECD-A725-425B-B23D-68E4946165AC}.Debug|ARM.ActiveCfg = Debug|ARM
		{26213ECD-A725-425B-B23D-68E4946165AC}.Debug|ARM.Build.0 = Debug|ARM
		{26213ECD-A725-425B-B23D-68E4946165AC}.Debug|ARM64.ActiveCfg = Debug|x86
		{26213ECD-A725-425B-B23D-68E4946165AC}.Debug|x64.ActiveCfg = Debug|x86
		{26213ECD-A725-425B-B23D-68E4946165AC}.Debug|x86.ActiveCfg = Debug|x86
		{26213ECD-A725-425B-B23D-68E4946165AC}.Release|ARM.ActiveCfg = Release|ARM
		{26213ECD-A725-425B-B23D-68E4946165AC}.Release|ARM.Build.0 = Release|ARM
		{26213ECD-A725-425B-B23D-68E4946165AC}.Release|ARM64.ActiveCfg = Release|x86
		{26213ECD-A725-425B-B23D-68E4946165AC}.Release|x64.ActiveCfg = Release|x86
		{26213ECD-A725-425B-B23D-68E4946165AC}.Release|x86.ActiveCfg = Release|x86
		{C29A491C-16E6-4ADB-86F8-67BF9436F146}.Debug|ARM.ActiveCfg = Debug|ARM
		{C29A491C-16E6-4ADB-86F8-67BF9436F146}.Debug|ARM.Build.0 = Debug|ARM
		{C29A491C-16E6-4ADB-86F8-67BF9436F146}.Debug|ARM64.ActiveCfg = Debug|x86
		{C29A491C-16E6-4ADB-86F8-67BF9436F146}.Debug|x64.ActiveCfg = Debug|x86
		{C29A491C-16E6-4ADB-86F8-67BF9436F146}.Debug|x86.ActiveCfg = Debug|x86
		{C29A491C-16E6-4ADB-86F8-67BF9436F146}.Release|ARM.ActiveCfg = Release|ARM
		{C29A491C-16E6-4ADB-86F8-67BF9436F146}.Release|ARM.Build.0 = Release|ARM
		{C29A491C-16E6-4ADB-86F8-67BF9436F146}.Release|ARM64.ActiveCfg = Release|x86
		{C29A491C-16E6-4ADB-86F8-67BF9436F146}.Release|x64.ActiveCfg = Release|x86
		{C29A491C-16E6-4ADB-86F8-67BF9436F146}.Release|x86.ActiveCfg = Release|x86
		{65C94681-57B2-4D57-91F6-02CDE58540CC}.Debug|ARM.ActiveCfg = Debug|ARM
		{65C94681-57B2-4D57-91F6-02CDE58540CC}.Debug|ARM.Build.0 = Debug|ARM
		{65C94681-57B2-4D57-91F6-02CDE58540CC}.Debug|ARM64.ActiveCfg = Debug|ARM64
		{65C94681-57B2-4D57-91F6-02CDE58540CC}.Debug|ARM64.Build.0 = Debug|ARM64
		{65C94681-57B2-4D57-91F6-02CDE58540CC}.Debug|x64.ActiveCfg = Debug|x64
		{65C94681-57B2-4D57-91F6-02CDE58540CC}.Debug|x86.ActiveCfg = Debug|x86
		{65C94681-57B2-4D57-91F6-02CDE58540CC}.Release|ARM.ActiveCfg = Release|ARM
		{65C94681-57B2-4D57-91F6-02CDE58540CC}.Release|ARM.Build.0 = Release|ARM
		{65C94681-57B2-4D57-91F6-02CDE58540CC}.Release|ARM64.ActiveCfg = Release|ARM64
		{65C94681-57B2-4D57-91F6-02CDE58540CC}.Release|ARM64.Build.0 = Release|ARM64
		{65C94681-57B2-4D57-91F6-02CDE58540CC}.Release|x64.ActiveCfg = Release|x64
		{65C94681-57B2-4D57-91F6-02CDE58540CC}.Release|x86.ActiveCfg = Release|x86
		{2FD3FC81-CA98-4374-A9ED-F1FFAAF24E22}.Debug|ARM.ActiveCfg = Debug|ARM
		{2FD3FC81-CA98-4374-A9ED-F1FFAAF24E22}.Debug|ARM.Build.0 = Debug|ARM
		{2FD3FC81-CA98-4374-A9ED-F1FFAAF24E22}.Debug|ARM.Deploy.0 = Debug|ARM
		{2FD3FC81-CA98-4374-A9ED-F1FFAAF24E22}.Debug|ARM64.ActiveCfg = Debug|ARM64
		{2FD3FC81-CA98-4374-A9ED-F1FFAAF24E22}.Debug|ARM64.Build.0 = Debug|ARM64
		{2FD3FC81-CA98-4374-A9ED-F1FFAAF24E22}.Debug|ARM64.Deploy.0 = Debug|ARM64
		{2FD3FC81-CA98-4374-A9ED-F1FFAAF24E22}.Debug|x64.ActiveCfg = Debug|x64
		{2FD3FC81-CA98-4374-A9ED-F1FFAAF24E22}.Debug|x86.ActiveCfg = Debug|x86
		{2FD3FC81-CA98-4374-A9ED-F1FFAAF24E22}.Release|ARM.ActiveCfg = Release|ARM
		{2FD3FC81-CA98-4374-A9ED-F1FFAAF24E22}.Release|ARM.Build.0 = Release|ARM
		{2FD3FC81-CA98-4374-A9ED-F1FFAAF24E22}.Release|ARM.Deploy.0 = Release|ARM
		{2FD3FC81-CA98-4374-A9ED-F1FFAAF24E22}.Release|ARM64.ActiveCfg = Release|ARM64
		{2FD3FC81-CA98-4374-A9ED-F1FFAAF24E22}.Release|ARM64.Build.0 = Release|ARM64
		{2FD3FC81-CA98-4374-A9ED-F1FFAAF24E22}.Release|ARM64.Deploy.0 = Release|ARM64
		{2FD3FC81-CA98-4374-A9ED-F1FFAAF24E22}.Release|x64.ActiveCfg = Release|x64
		{2FD3FC81-CA98-4374-A9ED-F1FFAAF24E22}.Release|x86.ActiveCfg = Release|x86
		{91571D06-8EF4-4C20-8A27-3C9692787BF3}.Debug|ARM.ActiveCfg = Debug|ARM
		{91571D06-8EF4-4C20-8A27-3C9692787BF3}.Debug|ARM.Build.0 = Debug|ARM
		{91571D06-8EF4-4C20-8A27-3C9692787BF3}.Debug|ARM64.ActiveCfg = Debug|ARM64
		{91571D06-8EF4-4C20-8A27-3C9692787BF3}.Debug|ARM64.Build.0 = Debug|ARM64
		{91571D06-8EF4-4C20-8A27-3C9692787BF3}.Debug|x64.ActiveCfg = Debug|x64
		{91571D06-8EF4-4C20-8A27-3C9692787BF3}.Debug|x86.ActiveCfg = Debug|x86
		{91571D06-8EF4-4C20-8A27-3C9692787BF3}.Release|ARM.ActiveCfg = Release|ARM
		{91571D06-8EF4-4C20-8A27-3C9692787BF3}.Release|ARM.Build.0 = Release|ARM
		{91571D06-8EF4-4C20-8A27-3C9692787BF3}.Release|ARM64.ActiveCfg = Release|ARM64
		{91571D06-8EF4-4C20-8A27-3C9692787BF3}.Release|ARM64.Build.0 = Release|ARM64
		{91571D06-8EF4-4C20-8A27-3C9692787BF3}.Release|x64.ActiveCfg = Release|x64
		{91571D06-8EF4-4C20-8A27-3C9692787BF3}.Release|x86.ActiveCfg = Release|x86
		{6F374874-17D4-4CA5-B096-4FD18B04906C}.Debug|ARM.ActiveCfg = Debug|ARM
		{6F374874-17D4-4CA5-B096-4FD18B04906C}.Debug|ARM.Build.0 = Debug|ARM
		{6F374874-17D4-4CA5-B096-4FD18B04906C}.Debug|ARM64.ActiveCfg = Debug|ARM64
		{6F374874-17D4-4CA5-B096-4FD18B04906C}.Debug|ARM64.Build.0 = Debug|ARM64
		{6F374874-17D4-4CA5-B096-4FD18B04906C}.Debug|x64.ActiveCfg = Debug|x64
		{6F374874-17D4-4CA5-B096-4FD18B04906C}.Debug|x64.Build.0 = Debug|x64
		{6F374874-17D4-4CA5-B096-4FD18B04906C}.Debug|x86.ActiveCfg = Debug|x86
		{6F374874-17D4-4CA5-B096-4FD18B04906C}.Debug|x86.Build.0 = Debug|x86
		{6F374874-17D4-4CA5-B096-4FD18B04906C}.Release|ARM.ActiveCfg = Release|ARM
		{6F374874-17D4-4CA5-B096-4FD18B04906C}.Release|ARM.Build.0 = Release|ARM
		{6F374874-17D4-4CA5-B096-4FD18B04906C}.Release|ARM64.ActiveCfg = Release|ARM64
		{6F374874-17D4-4CA5-B096-4FD18B04906C}.Release|ARM64.Build.0 = Release|ARM64
		{6F374874-17D4-4CA5-B096-4FD18B04906C}.Release|x64.ActiveCfg = Release|x64
		{6F374874-17D4-4CA5-B096-4FD18B04906C}.Release|x64.Build.0 = Release|x64
		{6F374874-17D4-4CA5-B096-4FD18B04906C}.Release|x86.ActiveCfg = Release|x86
		{6F374874-17D4-4CA5-B096-4FD18B04906C}.Release|x86.Build.0 = Release|x86
	EndGlobalSection
	GlobalSection(SolutionProperties) = preSolution
		HideSolutionNode = FALSE
	EndGlobalSection
EndGlobal
