<?xml version="1.0" encoding="utf-8"?>
<Project ToolsVersion="4.0" xmlns="http://schemas.microsoft.com/developer/msbuild/2003">
  <ItemGroup>
    <Filter Include="Source Files">
      <UniqueIdentifier>{4FC737F1-C7A5-4376-A066-2A32D752A2FF}</UniqueIdentifier>
      <Extensions>cpp;c;cc;cxx;def;odl;idl;hpj;bat;asm;asmx</Extensions>
    </Filter>
    <Filter Include="Header Files">
      <UniqueIdentifier>{93995380-89BD-4b04-88EB-625FBE52EBFB}</UniqueIdentifier>
      <Extensions>h;hh;hpp;hxx;hm;inl;inc;ipp;xsd</Extensions>
    </Filter>
    <Filter Include="Resource Files">
      <UniqueIdentifier>{67DA6AB6-F800-4c08-8B7A-83BB121AAD01}</UniqueIdentifier>
      <Extensions>rc;ico;cur;bmp;dlg;rc2;rct;bin;rgs;gif;jpg;jpeg;jpe;resx;tiff;tif;png;wav;mfcribbon-ms</Extensions>
    </Filter>
    <Filter Include="Header Files\batcat">
      <UniqueIdentifier>{ef3aad82-eec2-40cb-abb0-b02805e66aa7}</UniqueIdentifier>
    </Filter>
    <Filter Include="Source Files\batcat">
      <UniqueIdentifier>{192d3b2e-6935-4b32-8a01-d84f71cc6f0f}</UniqueIdentifier>
    </Filter>
    <Filter Include="Header Files\bsp">
      <UniqueIdentifier>{39cc1772-ebfc-4513-9240-45c49d0dad89}</UniqueIdentifier>
    </Filter>
    <Filter Include="Source Files\bsp">
      <UniqueIdentifier>{ea1ac335-4c3b-4a0b-bc09-98e40e9fc36f}</UniqueIdentifier>
    </Filter>
    <Filter Include="Header Files\mesh collision">
      <UniqueIdentifier>{bd762731-ba3f-4925-9368-451a265dd41a}</UniqueIdentifier>
    </Filter>
    <Filter Include="Source Files\mesh collision">
      <UniqueIdentifier>{90326cfc-31b0-4076-b523-a93cbdf858a0}</UniqueIdentifier>
    </Filter>
    <Filter Include="Header Files\voxels">
      <UniqueIdentifier>{5d995601-9f0a-4e68-be6e-a6eea62e00a2}</UniqueIdentifier>
    </Filter>
    <Filter Include="Source Files\voxels">
      <UniqueIdentifier>{ab6c2b6c-ecba-408c-b910-50a94c3f0b16}</UniqueIdentifier>
    </Filter>
    <Filter Include="Header Files\billiards">
      <UniqueIdentifier>{59d04970-f1cb-4e43-8ef1-3408c42b2034}</UniqueIdentifier>
    </Filter>
    <Filter Include="Source Files\billiards">
      <UniqueIdentifier>{d965ca6c-b462-403b-a56e-e9a26c2818dc}</UniqueIdentifier>
    </Filter>
    <Filter Include="Header Files\vats">
      <UniqueIdentifier>{4604a6a8-c1e7-4b05-9846-410b22e4078f}</UniqueIdentifier>
    </Filter>
    <Filter Include="Source Files\vats">
      <UniqueIdentifier>{d9fb1f13-e861-4d76-bbdd-c9a975c9392c}</UniqueIdentifier>
    </Filter>
    <Filter Include="Header Files\bush">
      <UniqueIdentifier>{889680a7-5c0a-42b6-acb3-97c5ccb40d43}</UniqueIdentifier>
    </Filter>
    <Filter Include="Source Files\bush">
      <UniqueIdentifier>{2253f590-fe42-454c-affe-9474fdf9786b}</UniqueIdentifier>
    </Filter>
    <Filter Include="Header Files\retro">
      <UniqueIdentifier>{bf543ff4-667b-42d1-9b27-fce58fce6cfe}</UniqueIdentifier>
    </Filter>
    <Filter Include="Source Files\retro">
      <UniqueIdentifier>{59514787-ad20-4f97-8c62-2f279eabcfe0}</UniqueIdentifier>
    </Filter>
    <Filter Include="Source Files\frustum">
      <UniqueIdentifier>{e22834f2-6de4-48ec-b229-20e857ef41e5}</UniqueIdentifier>
    </Filter>
    <Filter Include="Header Files\frustum">
      <UniqueIdentifier>{6c368e1e-ef41-469e-8b74-828419179251}</UniqueIdentifier>
    </Filter>
    <Filter Include="Header Files\rolling">
      <UniqueIdentifier>{eb260caa-bd0b-45b7-b025-de00f9b19c21}</UniqueIdentifier>
    </Filter>
    <Filter Include="Source Files\rolling">
      <UniqueIdentifier>{d60b5c43-9b2a-4476-a451-ad93918156b2}</UniqueIdentifier>
    </Filter>
    <Filter Include="Source Files\swingput">
      <UniqueIdentifier>{b9eb7d19-bce5-4e5a-a13b-e0d8f099757d}</UniqueIdentifier>
    </Filter>
    <Filter Include="Header Files\swingput">
      <UniqueIdentifier>{70109b5f-b87f-410b-8ed6-4a37dba20190}</UniqueIdentifier>
    </Filter>
    <Filter Include="Header Files\anim_blend">
      <UniqueIdentifier>{2bc82466-9b57-4e2c-bb4d-10b2c0dabc97}</UniqueIdentifier>
    </Filter>
    <Filter Include="Source Files\anim_blend">
      <UniqueIdentifier>{0456efab-54e8-4cc8-83db-b45f2e99256a}</UniqueIdentifier>
    </Filter>
    <Filter Include="Source Files\ssao">
      <UniqueIdentifier>{5598db66-b286-47ef-8405-4dc8a6905ac8}</UniqueIdentifier>
    </Filter>
    <Filter Include="Header Files\ssao">
      <UniqueIdentifier>{167c96e5-3bf4-41c7-8495-81a928e89ae5}</UniqueIdentifier>
    </Filter>
    <Filter Include="Header Files\log">
      <UniqueIdentifier>{97f427b3-b702-4395-a0b1-c74b78a76b5f}</UniqueIdentifier>
    </Filter>
    <Filter Include="Source Files\log">
      <UniqueIdentifier>{018844ae-a528-4c69-b21a-52e9e53bffc9}</UniqueIdentifier>
    </Filter>
    <Filter Include="Header Files\gc">
      <UniqueIdentifier>{a3891728-5ef9-4dbc-a171-26e24f2d1048}</UniqueIdentifier>
    </Filter>
    <Filter Include="Source Files\gc">
      <UniqueIdentifier>{3d37093a-b41e-4736-96d6-952fb4ca1a14}</UniqueIdentifier>
    </Filter>
    <Filter Include="Header Files\league">
      <UniqueIdentifier>{2ae3818a-807a-4ad7-beeb-3d865c6ef505}</UniqueIdentifier>
    </Filter>
    <Filter Include="Source Files\league">
      <UniqueIdentifier>{1df49813-245d-49b6-b62a-d6a07d6ec217}</UniqueIdentifier>
    </Filter>
    <Filter Include="Source Files\bounce">
      <UniqueIdentifier>{f25bb8ef-d21c-4b69-8000-b95df3617dfc}</UniqueIdentifier>
    </Filter>
    <Filter Include="Header Files\bounce">
      <UniqueIdentifier>{f48efd51-7ca1-486f-85a4-b816f9d99734}</UniqueIdentifier>
    </Filter>
    <Filter Include="Source Files\interior mapping">
      <UniqueIdentifier>{def795ca-dae9-45cf-8772-45631eeb5b53}</UniqueIdentifier>
    </Filter>
    <Filter Include="Header Files\interior mapping">
      <UniqueIdentifier>{fab49e99-8d9c-44b4-a1cc-02384eac9ffa}</UniqueIdentifier>
    </Filter>
    <Filter Include="Header Files\chunk vis">
      <UniqueIdentifier>{1ade601f-29b0-4580-81a5-ae4f00144099}</UniqueIdentifier>
    </Filter>
    <Filter Include="Source Files\chunk vis">
      <UniqueIdentifier>{9dcc73e0-0849-4f1e-b21e-d9bc5c985d27}</UniqueIdentifier>
    </Filter>
    <Filter Include="Header Files\endless">
      <UniqueIdentifier>{4ef7a93b-a87f-430b-861e-f083f3252579}</UniqueIdentifier>
    </Filter>
    <Filter Include="Source Files\endless">
      <UniqueIdentifier>{78467010-56b5-44ab-ba21-40029ebe776f}</UniqueIdentifier>
    </Filter>
  </ItemGroup>
  <ItemGroup>
    <ClCompile Include="src\LoadingScreen.cpp">
      <Filter>Source Files</Filter>
    </ClCompile>
    <ClCompile Include="src\main.cpp">
      <Filter>Source Files</Filter>
    </ClCompile>
    <ClCompile Include="src\MenuState.cpp">
      <Filter>Source Files</Filter>
    </ClCompile>
    <ClCompile Include="src\MyApp.cpp">
      <Filter>Source Files</Filter>
    </ClCompile>
    <ClCompile Include="src\batcat\BatcatState.cpp">
      <Filter>Source Files\batcat</Filter>
    </ClCompile>
    <ClCompile Include="src\batcat\PlayerDirector.cpp">
      <Filter>Source Files\batcat</Filter>
    </ClCompile>
    <ClCompile Include="src\batcat\TerrainSystem.cpp">
      <Filter>Source Files\batcat</Filter>
    </ClCompile>
    <ClCompile Include="src\bsp\BspState.cpp">
      <Filter>Source Files\bsp</Filter>
    </ClCompile>
    <ClCompile Include="src\bsp\FpsCameraSystem.cpp">
      <Filter>Source Files\bsp</Filter>
    </ClCompile>
    <ClCompile Include="src\bsp\InputParser.cpp">
      <Filter>Source Files\bsp</Filter>
    </ClCompile>
    <ClCompile Include="src\bsp\Patch.cpp">
      <Filter>Source Files\bsp</Filter>
    </ClCompile>
    <ClCompile Include="src\bsp\Q3BspSystem.cpp">
      <Filter>Source Files\bsp</Filter>
    </ClCompile>
    <ClCompile Include="src\collision\CollisionState.cpp">
      <Filter>Source Files\mesh collision</Filter>
    </ClCompile>
    <ClCompile Include="src\collision\DebugDraw.cpp">
      <Filter>Source Files\mesh collision</Filter>
    </ClCompile>
    <ClCompile Include="src\collision\BallSystem.cpp">
      <Filter>Source Files\mesh collision</Filter>
    </ClCompile>
    <ClCompile Include="src\voxels\VoxelState.cpp">
      <Filter>Source Files\voxels</Filter>
    </ClCompile>
    <ClCompile Include="src\voxels\VoxelStateUI.cpp">
      <Filter>Source Files\voxels</Filter>
    </ClCompile>
    <ClCompile Include="src\voxels\VoxelFpsCameraSystem.cpp">
      <Filter>Source Files\voxels</Filter>
    </ClCompile>
    <ClCompile Include="src\voxels\SurfaceNet.cpp">
      <Filter>Source Files\voxels</Filter>
    </ClCompile>
    <ClCompile Include="src\voxels\MarchingCubes.cpp">
      <Filter>Source Files\voxels</Filter>
    </ClCompile>
    <ClCompile Include="src\voxels\VoxelMesh.cpp">
      <Filter>Source Files\voxels</Filter>
    </ClCompile>
    <ClCompile Include="src\billiards\BilliardsState.cpp">
      <Filter>Source Files\billiards</Filter>
    </ClCompile>
    <ClCompile Include="src\billiards\BilliardsSystem.cpp">
      <Filter>Source Files\billiards</Filter>
    </ClCompile>
    <ClCompile Include="src\billiards\InterpolationSystem.cpp">
      <Filter>Source Files\billiards</Filter>
    </ClCompile>
    <ClCompile Include="src\vats\VatsState.cpp">
      <Filter>Source Files\vats</Filter>
    </ClCompile>
    <ClCompile Include="src\vats\VatFile.cpp">
      <Filter>Source Files\vats</Filter>
    </ClCompile>
    <ClCompile Include="src\bush\BushState.cpp">
      <Filter>Source Files\bush</Filter>
    </ClCompile>
    <ClCompile Include="src\retro\RetroState.cpp">
      <Filter>Source Files\retro</Filter>
    </ClCompile>
    <ClCompile Include="src\frustum\FrustumState.cpp">
      <Filter>Source Files\frustum</Filter>
    </ClCompile>
    <ClCompile Include="src\collision\RollSystem.cpp">
      <Filter>Source Files\mesh collision</Filter>
    </ClCompile>
    <ClCompile Include="src\rolling\RollingState.cpp">
      <Filter>Source Files\rolling</Filter>
    </ClCompile>
    <ClCompile Include="src\rolling\RollingSystem.cpp">
      <Filter>Source Files\rolling</Filter>
    </ClCompile>
    <ClCompile Include="src\swingput\SwingState.cpp">
      <Filter>Source Files\swingput</Filter>
    </ClCompile>
    <ClCompile Include="src\swingput\Swingput.cpp">
      <Filter>Source Files\swingput</Filter>
    </ClCompile>
    <ClCompile Include="src\animblend\AnimBlendState.cpp">
      <Filter>Source Files\anim_blend</Filter>
    </ClCompile>
    <ClCompile Include="src\ssao\SSAOState.cpp">
      <Filter>Source Files\ssao</Filter>
    </ClCompile>
    <ClCompile Include="src\log\LogState.cpp">
      <Filter>Source Files\log</Filter>
    </ClCompile>
    <ClCompile Include="src\gc\GcState.cpp">
      <Filter>Source Files\gc</Filter>
    </ClCompile>
    <ClCompile Include="src\league\League.cpp">
      <Filter>Source Files\league</Filter>
    </ClCompile>
    <ClCompile Include="src\bounce\BounceState.cpp">
      <Filter>Source Files\bounce</Filter>
    </ClCompile>
    <ClCompile Include="src\ssao\LightVolumeSystem.cpp">
      <Filter>Source Files\ssao</Filter>
    </ClCompile>
    <ClCompile Include="src\interiormapping\InteriormappingState.cpp">
      <Filter>Source Files\interior mapping</Filter>
    </ClCompile>
    <ClCompile Include="src\chunkvis\ChunkVisSystem.cpp">
      <Filter>Source Files\chunk vis</Filter>
    </ClCompile>
    <ClCompile Include="src\endless\EndlessDrivingState.cpp">
      <Filter>Source Files\endless</Filter>
    </ClCompile>
  </ItemGroup>
  <ItemGroup>
    <ClInclude Include="src\ErrorCheck.hpp">
      <Filter>Header Files</Filter>
    </ClInclude>
    <ClInclude Include="src\LoadingScreen.hpp">
      <Filter>Header Files</Filter>
    </ClInclude>
    <ClInclude Include="src\MenuState.hpp">
      <Filter>Header Files</Filter>
    </ClInclude>
    <ClInclude Include="src\Messages.hpp">
      <Filter>Header Files</Filter>
    </ClInclude>
    <ClInclude Include="src\MyApp.hpp">
      <Filter>Header Files</Filter>
    </ClInclude>
    <ClInclude Include="src\ResourceIDs.hpp">
      <Filter>Header Files</Filter>
    </ClInclude>
    <ClInclude Include="src\StateIDs.hpp">
      <Filter>Header Files</Filter>
    </ClInclude>
    <ClInclude Include="src\batcat\BatcatState.hpp">
      <Filter>Header Files\batcat</Filter>
    </ClInclude>
    <ClInclude Include="src\batcat\icon.hpp">
      <Filter>Header Files\batcat</Filter>
    </ClInclude>
    <ClInclude Include="src\batcat\LoadingScreen.hpp">
      <Filter>Header Files\batcat</Filter>
    </ClInclude>
    <ClInclude Include="src\batcat\Messages.hpp">
      <Filter>Header Files\batcat</Filter>
    </ClInclude>
    <ClInclude Include="src\batcat\PlayerDirector.hpp">
      <Filter>Header Files\batcat</Filter>
    </ClInclude>
    <ClInclude Include="src\batcat\ResourceIDs.hpp">
      <Filter>Header Files\batcat</Filter>
    </ClInclude>
    <ClInclude Include="src\batcat\TerrainChunk.hpp">
      <Filter>Header Files\batcat</Filter>
    </ClInclude>
    <ClInclude Include="src\batcat\TerrainSystem.hpp">
      <Filter>Header Files\batcat</Filter>
    </ClInclude>
    <ClInclude Include="src\bsp\BspState.hpp">
      <Filter>Header Files\bsp</Filter>
    </ClInclude>
    <ClInclude Include="src\bsp\FpsCameraSystem.hpp">
      <Filter>Header Files\bsp</Filter>
    </ClInclude>
    <ClInclude Include="src\bsp\InputParser.hpp">
      <Filter>Header Files\bsp</Filter>
    </ClInclude>
    <ClInclude Include="src\bsp\Patch.hpp">
      <Filter>Header Files\bsp</Filter>
    </ClInclude>
    <ClInclude Include="src\bsp\Q3Bsp.hpp">
      <Filter>Header Files\bsp</Filter>
    </ClInclude>
    <ClInclude Include="src\bsp\Q3BspSystem.hpp">
      <Filter>Header Files\bsp</Filter>
    </ClInclude>
    <ClInclude Include="src\collision\CollisionState.hpp">
      <Filter>Header Files\mesh collision</Filter>
    </ClInclude>
    <ClInclude Include="src\collision\DebugDraw.hpp">
      <Filter>Header Files\mesh collision</Filter>
    </ClInclude>
    <ClInclude Include="src\collision\BallSystem.hpp">
      <Filter>Header Files\mesh collision</Filter>
    </ClInclude>
    <ClInclude Include="src\voxels\VoxelState.hpp">
      <Filter>Header Files\voxels</Filter>
    </ClInclude>
    <ClInclude Include="src\voxels\Consts.hpp">
      <Filter>Header Files\voxels</Filter>
    </ClInclude>
    <ClInclude Include="src\voxels\FpsCameraSystem.hpp">
      <Filter>Header Files\voxels</Filter>
    </ClInclude>
    <ClInclude Include="src\voxels\IsoSurface.hpp">
      <Filter>Header Files\voxels</Filter>
    </ClInclude>
    <ClInclude Include="src\voxels\VoxelData.hpp">
      <Filter>Header Files\voxels</Filter>
    </ClInclude>
    <ClInclude Include="src\billiards\BilliardsState.hpp">
      <Filter>Header Files\billiards</Filter>
    </ClInclude>
    <ClInclude Include="src\billiards\BilliardsSystem.hpp">
      <Filter>Header Files\billiards</Filter>
    </ClInclude>
    <ClInclude Include="src\billiards\InterpolationSystem.hpp">
      <Filter>Header Files\billiards</Filter>
    </ClInclude>
    <ClInclude Include="src\CircularBuffer.hpp">
      <Filter>Header Files</Filter>
    </ClInclude>
    <ClInclude Include="src\vats\VatsState.hpp">
      <Filter>Header Files\vats</Filter>
    </ClInclude>
    <ClInclude Include="src\vats\VatFile.hpp">
      <Filter>Header Files\vats</Filter>
    </ClInclude>
    <ClInclude Include="src\bush\BushState.hpp">
      <Filter>Header Files\bush</Filter>
    </ClInclude>
    <ClInclude Include="src\retro\RetroState.hpp">
      <Filter>Header Files\retro</Filter>
    </ClInclude>
    <ClInclude Include="src\frustum\FrustumState.hpp">
      <Filter>Header Files\frustum</Filter>
    </ClInclude>
    <ClInclude Include="src\collision\RollSystem.hpp">
      <Filter>Header Files\mesh collision</Filter>
    </ClInclude>
    <ClInclude Include="src\collision\Utils.hpp">
      <Filter>Header Files\mesh collision</Filter>
    </ClInclude>
    <ClInclude Include="src\rolling\RollingState.hpp">
      <Filter>Header Files\rolling</Filter>
    </ClInclude>
    <ClInclude Include="src\rolling\Utility.hpp">
      <Filter>Header Files\rolling</Filter>
    </ClInclude>
    <ClInclude Include="src\rolling\RollingSystem.hpp">
      <Filter>Header Files\rolling</Filter>
    </ClInclude>
    <ClInclude Include="src\swingput\SwingState.hpp">
      <Filter>Header Files\swingput</Filter>
    </ClInclude>
    <ClInclude Include="src\swingput\Swingput.hpp">
      <Filter>Header Files\swingput</Filter>
    </ClInclude>
    <ClInclude Include="src\animblend\AnimBlendState.hpp">
      <Filter>Header Files\anim_blend</Filter>
    </ClInclude>
    <ClInclude Include="src\ssao\SSAOState.hpp">
      <Filter>Header Files\ssao</Filter>
    </ClInclude>
    <ClInclude Include="src\log\LogState.hpp">
      <Filter>Header Files\log</Filter>
    </ClInclude>
    <ClInclude Include="src\gc\GcState.hpp">
      <Filter>Header Files\gc</Filter>
    </ClInclude>
    <ClInclude Include="src\league\League.hpp">
      <Filter>Header Files\league</Filter>
    </ClInclude>
    <ClInclude Include="src\bounce\BounceState.hpp">
      <Filter>Header Files\bounce</Filter>
    </ClInclude>
    <ClInclude Include="src\ssao\LightVolumeSystem.hpp">
      <Filter>Header Files\ssao</Filter>
    </ClInclude>
    <ClInclude Include="src\interiormapping\InteriormappingState.hpp">
      <Filter>Header Files\interior mapping</Filter>
    </ClInclude>
    <ClInclude Include="src\chunkvis\ChunkVisSystem.hpp">
      <Filter>Header Files\chunk vis</Filter>
    </ClInclude>
    <ClInclude Include="src\endless\EndlessDrivingState.hpp">
      <Filter>Header Files\endless</Filter>
    </ClInclude>
  </ItemGroup>
  <ItemGroup>
    <None Include="src\voxels\Tables.inl">
      <Filter>Header Files\voxels</Filter>
    </None>
    <None Include="src\retro\RetroShaders.inl">
      <Filter>Header Files\retro</Filter>
    </None>
    <None Include="src\ssao\BlurShaders.inl">
      <Filter>Header Files\ssao</Filter>
    </None>
    <None Include="src\swingput\Rain.inl">
      <Filter>Header Files\swingput</Filter>
    </None>
    <None Include="src\swingput\Glow.inl">
      <Filter>Header Files\swingput</Filter>
    </None>
    <None Include="src\interiormapping\IMShader.inl">
      <Filter>Header Files\interior mapping</Filter>
    </None>
    <None Include="src\interiormapping\ProjectionShader.inl">
      <Filter>Header Files\interior mapping</Filter>
    </None>
  </ItemGroup>
</Project>