<?xml version="1.0" encoding="utf-8"?>
<Project ToolsVersion="4.0" xmlns="http://schemas.microsoft.com/developer/msbuild/2003">
  <ItemGroup>
    <Filter Include="src">
      <UniqueIdentifier>{0d6a8e6e-1646-40db-bc64-83988e2739ce}</UniqueIdentifier>
    </Filter>
  </ItemGroup>
  <ItemGroup>
    <ClCompile Include="src\dynamic_flac.c">
      <Filter>src</Filter>
    </ClCompile>
    <ClCompile Include="src\dynamic_fluidsynth.c">
      <Filter>src</Filter>
    </ClCompile>
    <ClCompile Include="src\dynamic_mod.c">
      <Filter>src</Filter>
    </ClCompile>
    <ClCompile Include="src\dynamic_modplug.c">
      <Filter>src</Filter>
    </ClCompile>
    <ClCompile Include="src\dynamic_mp3.c">
      <Filter>src</Filter>
    </ClCompile>
    <ClCompile Include="src\dynamic_ogg.c">
      <Filter>src</Filter>
    </ClCompile>
    <ClCompile Include="src\effect_position.c">
      <Filter>src</Filter>
    </ClCompile>
    <ClCompile Include="src\effect_stereoreverse.c">
      <Filter>src</Filter>
    </ClCompile>
    <ClCompile Include="src\effects_internal.c">
      <Filter>src</Filter>
    </ClCompile>
    <ClCompile Include="src\fluidsynth.c">
      <Filter>src</Filter>
    </ClCompile>
    <ClCompile Include="src\load_aiff.c">
      <Filter>src</Filter>
    </ClCompile>
    <ClCompile Include="src\load_flac.c">
      <Filter>src</Filter>
    </ClCompile>
    <ClCompile Include="src\load_mp3.c">
      <Filter>src</Filter>
    </ClCompile>
    <ClCompile Include="src\load_ogg.c">
      <Filter>src</Filter>
    </ClCompile>
    <ClCompile Include="src\load_voc.c">
      <Filter>src</Filter>
    </ClCompile>
    <ClCompile Include="src\mixer.c">
      <Filter>src</Filter>
    </ClCompile>
    <ClCompile Include="src\music.c">
      <Filter>src</Filter>
    </ClCompile>
    <ClCompile Include="src\music_cmd.c">
      <Filter>src</Filter>
    </ClCompile>
    <ClCompile Include="src\music_flac.c">
      <Filter>src</Filter>
    </ClCompile>
    <ClCompile Include="src\music_mad.c">
      <Filter>src</Filter>
    </ClCompile>
    <ClCompile Include="src\music_mod.c">
      <Filter>src</Filter>
    </ClCompile>
    <ClCompile Include="src\music_modplug.c">
      <Filter>src</Filter>
    </ClCompile>
    <ClCompile Include="src\music_ogg.c">
      <Filter>src</Filter>
    </ClCompile>
    <ClCompile Include="src\wavestream.c">
      <Filter>src</Filter>
    </ClCompile>
  </ItemGroup>
</Project>