<?xml version="1.0" encoding="utf-8"?>
<Project ToolsVersion="4.0" xmlns="http://schemas.microsoft.com/developer/msbuild/2003">
  <ItemGroup>
    <Filter Include="src">
      <UniqueIdentifier>{64015add-90b3-4e72-8765-1c5ea4668438}</UniqueIdentifier>
    </Filter>
    <Filter Include="src\detail">
      <UniqueIdentifier>{f3aced1c-38b3-41d9-b292-b757137c6779}</UniqueIdentifier>
    </Filter>
    <Filter Include="src\ecs">
      <UniqueIdentifier>{baad750d-becf-45de-ab34-ec5703d03fed}</UniqueIdentifier>
    </Filter>
    <Filter Include="src\ecs\components">
      <UniqueIdentifier>{44ce7da5-c15a-4f26-a7b4-436f50a9b607}</UniqueIdentifier>
    </Filter>
    <Filter Include="src\ecs\systems">
      <UniqueIdentifier>{3a478873-83a9-4535-9ff8-2d3eea74923f}</UniqueIdentifier>
    </Filter>
    <Filter Include="src\core">
      <UniqueIdentifier>{91bfe830-0bd1-482c-9119-d63cd99a06b2}</UniqueIdentifier>
    </Filter>
    <Filter Include="src\graphics">
      <UniqueIdentifier>{26c9da39-87fb-4186-b917-ff3aff4b3212}</UniqueIdentifier>
    </Filter>
    <Filter Include="src\imgui">
      <UniqueIdentifier>{5e248dab-a396-434a-be13-8e1926e12b43}</UniqueIdentifier>
    </Filter>
    <Filter Include="src\android">
      <UniqueIdentifier>{9e8aeca9-4856-4ef9-b12a-a4a0dd882102}</UniqueIdentifier>
    </Filter>
  </ItemGroup>
  <ItemGroup>
    <ClCompile Include="..\common\src\system\Clock.cpp">
      <Filter>src\core</Filter>
    </ClCompile>
    <ClCompile Include="..\common\src\glad.c">
      <Filter>src\detail</Filter>
    </ClCompile>
    <ClCompile Include="..\common\src\SDLresource.cpp">
      <Filter>src\detail</Filter>
    </ClCompile>
    <ClCompile Include="..\common\src\ecs\Entity.cpp">
      <Filter>src\ecs</Filter>
    </ClCompile>
    <ClCompile Include="..\common\src\ecs\EntityManager.cpp">
      <Filter>src\ecs</Filter>
    </ClCompile>
    <ClCompile Include="..\common\src\ecs\System.cpp">
      <Filter>src\ecs</Filter>
    </ClCompile>
    <ClCompile Include="..\common\src\ecs\SystemManager.cpp">
      <Filter>src\ecs</Filter>
    </ClCompile>
    <ClCompile Include="..\common\src\ecs\Scene.cpp">
      <Filter>src\ecs</Filter>
    </ClCompile>
    <ClCompile Include="..\common\src\ecs\Component.cpp">
      <Filter>src\ecs</Filter>
    </ClCompile>
    <ClCompile Include="..\common\src\ecs\components\Transform.cpp">
      <Filter>src\ecs\components</Filter>
    </ClCompile>
    <ClCompile Include="..\common\src\ecs\systems\MeshRenderer.cpp">
      <Filter>src\ecs\systems</Filter>
    </ClCompile>
    <ClCompile Include="..\common\src\system\Colour.cpp">
      <Filter>src\graphics</Filter>
    </ClCompile>
    <ClCompile Include="..\common\src\App.cpp">
      <Filter>src\core</Filter>
    </ClCompile>
    <ClCompile Include="..\common\src\State.cpp">
      <Filter>src\core</Filter>
    </ClCompile>
    <ClCompile Include="..\common\src\StateStack.cpp">
      <Filter>src\core</Filter>
    </ClCompile>
    <ClCompile Include="..\common\src\Window.cpp">
      <Filter>src\core</Filter>
    </ClCompile>
    <ClCompile Include="..\common\src\graphics\Image.cpp">
      <Filter>src\graphics</Filter>
    </ClCompile>
    <ClCompile Include="..\common\src\graphics\Texture.cpp">
      <Filter>src\graphics</Filter>
    </ClCompile>
    <ClCompile Include="..\common\src\graphics\Shader.cpp">
      <Filter>src\graphics</Filter>
    </ClCompile>
    <ClCompile Include="..\common\src\graphics\MeshResource.cpp">
      <Filter>src\graphics</Filter>
    </ClCompile>
    <ClCompile Include="..\common\src\graphics\ShaderResource.cpp">
      <Filter>src\graphics</Filter>
    </ClCompile>
    <ClCompile Include="..\common\src\graphics\MaterialResource.cpp">
      <Filter>src\graphics</Filter>
    </ClCompile>
    <ClCompile Include="..\common\src\ecs\components\Model.cpp">
      <Filter>src\ecs\components</Filter>
    </ClCompile>
    <ClCompile Include="..\common\src\graphics\MaterialData.cpp">
      <Filter>src\graphics</Filter>
    </ClCompile>
    <ClCompile Include="..\common\src\graphics\TextureResource.cpp">
      <Filter>src\graphics</Filter>
    </ClCompile>
    <ClCompile Include="..\common\src\graphics\MeshBuilder.cpp">
      <Filter>src\graphics</Filter>
    </ClCompile>
    <ClCompile Include="..\common\src\graphics\PrimitiveBuilders.cpp">
      <Filter>src\graphics</Filter>
    </ClCompile>
    <ClCompile Include="..\common\src\imgui\imgui.cpp">
      <Filter>src\imgui</Filter>
    </ClCompile>
    <ClCompile Include="..\common\src\imgui\imgui_demo.cpp">
      <Filter>src\imgui</Filter>
    </ClCompile>
    <ClCompile Include="..\common\src\imgui\imgui_draw.cpp">
      <Filter>src\imgui</Filter>
    </ClCompile>
    <ClCompile Include="..\common\src\imgui\imgui_render.cpp">
      <Filter>src\imgui</Filter>
    </ClCompile>
    <ClCompile Include="..\common\src\graphics\Spatial.cpp">
      <Filter>src\graphics</Filter>
    </ClCompile>
    <ClCompile Include="..\common\src\android\Android.cpp">
      <Filter>src\android</Filter>
    </ClCompile>
  </ItemGroup>
</Project>