<?xml version="1.0" encoding="utf-8"?>
<Project ToolsVersion="4.0" xmlns="http://schemas.microsoft.com/developer/msbuild/2003">
  <ItemGroup>
    <ClInclude Include="pch.h" />
  </ItemGroup>
  <ItemGroup>
    <Filter Include="src">
      <UniqueIdentifier>{64015add-90b3-4e72-8765-1c5ea4668438}</UniqueIdentifier>
    </Filter>
    <Filter Include="src\system">
      <UniqueIdentifier>{91bfe830-0bd1-482c-9119-d63cd99a06b2}</UniqueIdentifier>
    </Filter>
    <Filter Include="src\detail">
      <UniqueIdentifier>{f3aced1c-38b3-41d9-b292-b757137c6779}</UniqueIdentifier>
    </Filter>
    <Filter Include="src\ecs">
      <UniqueIdentifier>{baad750d-becf-45de-ab34-ec5703d03fed}</UniqueIdentifier>
    </Filter>
  </ItemGroup>
  <ItemGroup>
    <ClCompile Include="..\common\src\App.cpp">
      <Filter>src</Filter>
    </ClCompile>
    <ClCompile Include="..\common\src\Window.cpp">
      <Filter>src</Filter>
    </ClCompile>
    <ClCompile Include="..\common\src\StateStack.cpp">
      <Filter>src</Filter>
    </ClCompile>
    <ClCompile Include="..\common\src\system\Clock.cpp">
      <Filter>src\system</Filter>
    </ClCompile>
    <ClCompile Include="..\common\src\system\Colour.cpp">
      <Filter>src\system</Filter>
    </ClCompile>
    <ClCompile Include="..\common\src\glad.c">
      <Filter>src\detail</Filter>
    </ClCompile>
    <ClCompile Include="..\common\src\SDLresource.cpp">
      <Filter>src\detail</Filter>
    </ClCompile>
    <ClCompile Include="..\common\src\State.cpp">
      <Filter>src</Filter>
    </ClCompile>
    <ClCompile Include="..\common\src\ecs\Entity.cpp">
      <Filter>src\ecs</Filter>
    </ClCompile>
    <ClCompile Include="..\common\src\ecs\EntityManager.cpp">
      <Filter>src\ecs</Filter>
    </ClCompile>
    <ClCompile Include="..\common\src\ecs\System.cpp">
      <Filter>src\ecs</Filter>
    </ClCompile>
    <ClCompile Include="..\common\src\ecs\SystemManager.cpp">
      <Filter>src\ecs</Filter>
    </ClCompile>
  </ItemGroup>
</Project>